// !$*UTF8*$!
{
	archiveVersion = 1;
	classes = {
	};
	objectVersion = 55;
	objects = {

/* Begin PBXBuildFile section */
		21E19BF528F00E2900A68AEF /* AppDelegate.swift in Sources */ = {isa = PBXBuildFile; fileRef = 21E19BF428F00E2900A68AEF /* AppDelegate.swift */; };
		21E19BF728F00E2900A68AEF /* SceneDelegate.swift in Sources */ = {isa = PBXBuildFile; fileRef = 21E19BF628F00E2900A68AEF /* SceneDelegate.swift */; };
		21E19BF928F00E2900A68AEF /* ViewController.swift in Sources */ = {isa = PBXBuildFile; fileRef = 21E19BF828F00E2900A68AEF /* ViewController.swift */; };
		21E19BFC28F00E2900A68AEF /* Main.storyboard in Resources */ = {isa = PBXBuildFile; fileRef = 21E19BFA28F00E2900A68AEF /* Main.storyboard */; };
		21E19BFF28F00E2900A68AEF /* TheStudentZoneApp_Fraine.xcdatamodeld in Sources */ = {isa = PBXBuildFile; fileRef = 21E19BFD28F00E2900A68AEF /* TheStudentZoneApp_Fraine.xcdatamodeld */; };
		21E19C0128F00E2C00A68AEF /* Assets.xcassets in Resources */ = {isa = PBXBuildFile; fileRef = 21E19C0028F00E2C00A68AEF /* Assets.xcassets */; };
		21E19C0428F00E2C00A68AEF /* LaunchScreen.storyboard in Resources */ = {isa = PBXBuildFile; fileRef = 21E19C0228F00E2C00A68AEF /* LaunchScreen.storyboard */; };
		21E19C0F28F00E2C00A68AEF /* TheStudentZoneApp_FraineTests.swift in Sources */ = {isa = PBXBuildFile; fileRef = 21E19C0E28F00E2C00A68AEF /* TheStudentZoneApp_FraineTests.swift */; };
		21E19C1928F00E2C00A68AEF /* TheStudentZoneApp_FraineUITests.swift in Sources */ = {isa = PBXBuildFile; fileRef = 21E19C1828F00E2C00A68AEF /* TheStudentZoneApp_FraineUITests.swift */; };
		21E19C1B28F00E2C00A68AEF /* TheStudentZoneApp_FraineUITestsLaunchTests.swift in Sources */ = {isa = PBXBuildFile; fileRef = 21E19C1A28F00E2C00A68AEF /* TheStudentZoneApp_FraineUITestsLaunchTests.swift */; };
		21E19C2828F2A93700A68AEF /* Viewcontroller1.swift in Sources */ = {isa = PBXBuildFile; fileRef = 21E19C2728F2A93700A68AEF /* Viewcontroller1.swift */; };
		21E19C2A28F2A94D00A68AEF /* ViewController2.swift in Sources */ = {isa = PBXBuildFile; fileRef = 21E19C2928F2A94D00A68AEF /* ViewController2.swift */; };
		21E19C2B28F2A94D00A68AEF /* ViewController2.swift in Sources */ = {isa = PBXBuildFile; fileRef = 21E19C2928F2A94D00A68AEF /* ViewController2.swift */; };
		21E19C2C28F2A94D00A68AEF /* ViewController2.swift in Sources */ = {isa = PBXBuildFile; fileRef = 21E19C2928F2A94D00A68AEF /* ViewController2.swift */; };
		21E19C2E28F2A95900A68AEF /* ViewController3.swift in Sources */ = {isa = PBXBuildFile; fileRef = 21E19C2D28F2A95900A68AEF /* ViewController3.swift */; };
		21E19C2F28F2A95900A68AEF /* ViewController3.swift in Sources */ = {isa = PBXBuildFile; fileRef = 21E19C2D28F2A95900A68AEF /* ViewController3.swift */; };
		21E19C3028F2A95900A68AEF /* ViewController3.swift in Sources */ = {isa = PBXBuildFile; fileRef = 21E19C2D28F2A95900A68AEF /* ViewController3.swift */; };
		21E19C3228F2A96500A68AEF /* ViewController4.swift in Sources */ = {isa = PBXBuildFile; fileRef = 21E19C3128F2A96500A68AEF /* ViewController4.swift */; };
		21E19C3328F2A96500A68AEF /* ViewController4.swift in Sources */ = {isa = PBXBuildFile; fileRef = 21E19C3128F2A96500A68AEF /* ViewController4.swift */; };
		21E19C3428F2A96500A68AEF /* ViewController4.swift in Sources */ = {isa = PBXBuildFile; fileRef = 21E19C3128F2A96500A68AEF /* ViewController4.swift */; };
		21E19C3628F2A9B700A68AEF /* ViewController5.swift in Sources */ = {isa = PBXBuildFile; fileRef = 21E19C3528F2A9B700A68AEF /* ViewController5.swift */; };
		21E19C3728F2A9B700A68AEF /* ViewController5.swift in Sources */ = {isa = PBXBuildFile; fileRef = 21E19C3528F2A9B700A68AEF /* ViewController5.swift */; };
		21E19C3828F2A9B700A68AEF /* ViewController5.swift in Sources */ = {isa = PBXBuildFile; fileRef = 21E19C3528F2A9B700A68AEF /* ViewController5.swift */; };
		21E19C3A28F2A9C900A68AEF /* ViewController6.swift in Sources */ = {isa = PBXBuildFile; fileRef = 21E19C3928F2A9C900A68AEF /* ViewController6.swift */; };
		21E19C3B28F2A9C900A68AEF /* ViewController6.swift in Sources */ = {isa = PBXBuildFile; fileRef = 21E19C3928F2A9C900A68AEF /* ViewController6.swift */; };
		21E19C3C28F2A9C900A68AEF /* ViewController6.swift in Sources */ = {isa = PBXBuildFile; fileRef = 21E19C3928F2A9C900A68AEF /* ViewController6.swift */; };
		21E19C3E28F2A9D500A68AEF /* ViewController7.swift in Sources */ = {isa = PBXBuildFile; fileRef = 21E19C3D28F2A9D500A68AEF /* ViewController7.swift */; };
		21E19C3F28F2A9D500A68AEF /* ViewController7.swift in Sources */ = {isa = PBXBuildFile; fileRef = 21E19C3D28F2A9D500A68AEF /* ViewController7.swift */; };
		21E19C4028F2A9D500A68AEF /* ViewController7.swift in Sources */ = {isa = PBXBuildFile; fileRef = 21E19C3D28F2A9D500A68AEF /* ViewController7.swift */; };
		21E19C4228F2A9F500A68AEF /* ViewController8.swift in Sources */ = {isa = PBXBuildFile; fileRef = 21E19C4128F2A9F500A68AEF /* ViewController8.swift */; };
		21E19C4328F2A9F500A68AEF /* ViewController8.swift in Sources */ = {isa = PBXBuildFile; fileRef = 21E19C4128F2A9F500A68AEF /* ViewController8.swift */; };
		21E19C4428F2A9F500A68AEF /* ViewController8.swift in Sources */ = {isa = PBXBuildFile; fileRef = 21E19C4128F2A9F500A68AEF /* ViewController8.swift */; };
		21E19C4628F2AA0200A68AEF /* ViewController9.swift in Sources */ = {isa = PBXBuildFile; fileRef = 21E19C4528F2AA0200A68AEF /* ViewController9.swift */; };
		21E19C4728F2AA0200A68AEF /* ViewController9.swift in Sources */ = {isa = PBXBuildFile; fileRef = 21E19C4528F2AA0200A68AEF /* ViewController9.swift */; };
		21E19C4828F2AA0200A68AEF /* ViewController9.swift in Sources */ = {isa = PBXBuildFile; fileRef = 21E19C4528F2AA0200A68AEF /* ViewController9.swift */; };
/* End PBXBuildFile section */

/* Begin PBXContainerItemProxy section */
		21E19C0B28F00E2C00A68AEF /* PBXContainerItemProxy */ = {
			isa = PBXContainerItemProxy;
			containerPortal = 21E19BE928F00E2900A68AEF /* Project object */;
			proxyType = 1;
			remoteGlobalIDString = 21E19BF028F00E2900A68AEF;
			remoteInfo = TheStudentZoneApp_Fraine;
		};
		21E19C1528F00E2C00A68AEF /* PBXContainerItemProxy */ = {
			isa = PBXContainerItemProxy;
			containerPortal = 21E19BE928F00E2900A68AEF /* Project object */;
			proxyType = 1;
			remoteGlobalIDString = 21E19BF028F00E2900A68AEF;
			remoteInfo = TheStudentZoneApp_Fraine;
		};
/* End PBXContainerItemProxy section */

/* Begin PBXFileReference section */
		21E19BF128F00E2900A68AEF /* TheStudentZoneApp_Fraine.app */ = {isa = PBXFileReference; explicitFileType = wrapper.application; includeInIndex = 0; path = TheStudentZoneApp_Fraine.app; sourceTree = BUILT_PRODUCTS_DIR; };
		21E19BF428F00E2900A68AEF /* AppDelegate.swift */ = {isa = PBXFileReference; lastKnownFileType = sourcecode.swift; path = AppDelegate.swift; sourceTree = "<group>"; };
		21E19BF628F00E2900A68AEF /* SceneDelegate.swift */ = {isa = PBXFileReference; lastKnownFileType = sourcecode.swift; path = SceneDelegate.swift; sourceTree = "<group>"; };
		21E19BF828F00E2900A68AEF /* ViewController.swift */ = {isa = PBXFileReference; lastKnownFileType = sourcecode.swift; path = ViewController.swift; sourceTree = "<group>"; };
		21E19BFB28F00E2900A68AEF /* Base */ = {isa = PBXFileReference; lastKnownFileType = file.storyboard; name = Base; path = Base.lproj/Main.storyboard; sourceTree = "<group>"; };
		21E19BFE28F00E2900A68AEF /* TheStudentZoneApp_Fraine.xcdatamodel */ = {isa = PBXFileReference; lastKnownFileType = wrapper.xcdatamodel; path = TheStudentZoneApp_Fraine.xcdatamodel; sourceTree = "<group>"; };
		21E19C0028F00E2C00A68AEF /* Assets.xcassets */ = {isa = PBXFileReference; lastKnownFileType = folder.assetcatalog; path = Assets.xcassets; sourceTree = "<group>"; };
		21E19C0328F00E2C00A68AEF /* Base */ = {isa = PBXFileReference; lastKnownFileType = file.storyboard; name = Base; path = Base.lproj/LaunchScreen.storyboard; sourceTree = "<group>"; };
		21E19C0528F00E2C00A68AEF /* Info.plist */ = {isa = PBXFileReference; lastKnownFileType = text.plist.xml; path = Info.plist; sourceTree = "<group>"; };
		21E19C0A28F00E2C00A68AEF /* TheStudentZoneApp_FraineTests.xctest */ = {isa = PBXFileReference; explicitFileType = wrapper.cfbundle; includeInIndex = 0; path = TheStudentZoneApp_FraineTests.xctest; sourceTree = BUILT_PRODUCTS_DIR; };
		21E19C0E28F00E2C00A68AEF /* TheStudentZoneApp_FraineTests.swift */ = {isa = PBXFileReference; lastKnownFileType = sourcecode.swift; path = TheStudentZoneApp_FraineTests.swift; sourceTree = "<group>"; };
		21E19C1428F00E2C00A68AEF /* TheStudentZoneApp_FraineUITests.xctest */ = {isa = PBXFileReference; explicitFileType = wrapper.cfbundle; includeInIndex = 0; path = TheStudentZoneApp_FraineUITests.xctest; sourceTree = BUILT_PRODUCTS_DIR; };
		21E19C1828F00E2C00A68AEF /* TheStudentZoneApp_FraineUITests.swift */ = {isa = PBXFileReference; lastKnownFileType = sourcecode.swift; path = TheStudentZoneApp_FraineUITests.swift; sourceTree = "<group>"; };
		21E19C1A28F00E2C00A68AEF /* TheStudentZoneApp_FraineUITestsLaunchTests.swift */ = {isa = PBXFileReference; lastKnownFileType = sourcecode.swift; path = TheStudentZoneApp_FraineUITestsLaunchTests.swift; sourceTree = "<group>"; };
		21E19C2728F2A93700A68AEF /* Viewcontroller1.swift */ = {isa = PBXFileReference; lastKnownFileType = sourcecode.swift; path = Viewcontroller1.swift; sourceTree = "<group>"; };
		21E19C2928F2A94D00A68AEF /* ViewController2.swift */ = {isa = PBXFileReference; lastKnownFileType = sourcecode.swift; path = ViewController2.swift; sourceTree = "<group>"; };
		21E19C2D28F2A95900A68AEF /* ViewController3.swift */ = {isa = PBXFileReference; lastKnownFileType = sourcecode.swift; path = ViewController3.swift; sourceTree = "<group>"; };
		21E19C3128F2A96500A68AEF /* ViewController4.swift */ = {isa = PBXFileReference; lastKnownFileType = sourcecode.swift; path = ViewController4.swift; sourceTree = "<group>"; };
		21E19C3528F2A9B700A68AEF /* ViewController5.swift */ = {isa = PBXFileReference; lastKnownFileType = sourcecode.swift; path = ViewController5.swift; sourceTree = "<group>"; };
		21E19C3928F2A9C900A68AEF /* ViewController6.swift */ = {isa = PBXFileReference; lastKnownFileType = sourcecode.swift; path = ViewController6.swift; sourceTree = "<group>"; };
		21E19C3D28F2A9D500A68AEF /* ViewController7.swift */ = {isa = PBXFileReference; lastKnownFileType = sourcecode.swift; path = ViewController7.swift; sourceTree = "<group>"; };
		21E19C4128F2A9F500A68AEF /* ViewController8.swift */ = {isa = PBXFileReference; lastKnownFileType = sourcecode.swift; path = ViewController8.swift; sourceTree = "<group>"; };
		21E19C4528F2AA0200A68AEF /* ViewController9.swift */ = {isa = PBXFileReference; lastKnownFileType = sourcecode.swift; path = ViewController9.swift; sourceTree = "<group>"; };
/* End PBXFileReference section */

/* Begin PBXFrameworksBuildPhase section */
		21E19BEE28F00E2900A68AEF /* Frameworks */ = {
			isa = PBXFrameworksBuildPhase;
			buildActionMask = 2147483647;
			files = (
			);
			runOnlyForDeploymentPostprocessing = 0;
		};
		21E19C0728F00E2C00A68AEF /* Frameworks */ = {
			isa = PBXFrameworksBuildPhase;
			buildActionMask = 2147483647;
			files = (
			);
			runOnlyForDeploymentPostprocessing = 0;
		};
		21E19C1128F00E2C00A68AEF /* Frameworks */ = {
			isa = PBXFrameworksBuildPhase;
			buildActionMask = 2147483647;
			files = (
			);
			runOnlyForDeploymentPostprocessing = 0;
		};
/* End PBXFrameworksBuildPhase section */

/* Begin PBXGroup section */
		21E19BE828F00E2900A68AEF = {
			isa = PBXGroup;
			children = (
				21E19BF328F00E2900A68AEF /* TheStudentZoneApp_Fraine */,
				21E19C0D28F00E2C00A68AEF /* TheStudentZoneApp_FraineTests */,
				21E19C1728F00E2C00A68AEF /* TheStudentZoneApp_FraineUITests */,
				21E19BF228F00E2900A68AEF /* Products */,
			);
			sourceTree = "<group>";
		};
		21E19BF228F00E2900A68AEF /* Products */ = {
			isa = PBXGroup;
			children = (
				21E19BF128F00E2900A68AEF /* TheStudentZoneApp_Fraine.app */,
				21E19C0A28F00E2C00A68AEF /* TheStudentZoneApp_FraineTests.xctest */,
				21E19C1428F00E2C00A68AEF /* TheStudentZoneApp_FraineUITests.xctest */,
			);
			name = Products;
			sourceTree = "<group>";
		};
		21E19BF328F00E2900A68AEF /* TheStudentZoneApp_Fraine */ = {
			isa = PBXGroup;
			children = (
				21E19BF428F00E2900A68AEF /* AppDelegate.swift */,
				21E19BF628F00E2900A68AEF /* SceneDelegate.swift */,
				21E19BF828F00E2900A68AEF /* ViewController.swift */,
				21E19C2728F2A93700A68AEF /* Viewcontroller1.swift */,
				21E19C2928F2A94D00A68AEF /* ViewController2.swift */,
				21E19C2D28F2A95900A68AEF /* ViewController3.swift */,
				21E19C3128F2A96500A68AEF /* ViewController4.swift */,
				21E19C3528F2A9B700A68AEF /* ViewController5.swift */,
				21E19C3928F2A9C900A68AEF /* ViewController6.swift */,
				21E19C3D28F2A9D500A68AEF /* ViewController7.swift */,
				21E19C4128F2A9F500A68AEF /* ViewController8.swift */,
				21E19C4528F2AA0200A68AEF /* ViewController9.swift */,
				21E19BFA28F00E2900A68AEF /* Main.storyboard */,
				21E19C0228F00E2C00A68AEF /* LaunchScreen.storyboard */,
				21E19C0528F00E2C00A68AEF /* Info.plist */,
				21E19C0028F00E2C00A68AEF /* Assets.xcassets */,
				21E19BFD28F00E2900A68AEF /* TheStudentZoneApp_Fraine.xcdatamodeld */,
			);
			path = TheStudentZoneApp_Fraine;
			sourceTree = "<group>";
		};
		21E19C0D28F00E2C00A68AEF /* TheStudentZoneApp_FraineTests */ = {
			isa = PBXGroup;
			children = (
				21E19C0E28F00E2C00A68AEF /* TheStudentZoneApp_FraineTests.swift */,
			);
			path = TheStudentZoneApp_FraineTests;
			sourceTree = "<group>";
		};
		21E19C1728F00E2C00A68AEF /* TheStudentZoneApp_FraineUITests */ = {
			isa = PBXGroup;
			children = (
				21E19C1828F00E2C00A68AEF /* TheStudentZoneApp_FraineUITests.swift */,
				21E19C1A28F00E2C00A68AEF /* TheStudentZoneApp_FraineUITestsLaunchTests.swift */,
			);
			path = TheStudentZoneApp_FraineUITests;
			sourceTree = "<group>";
		};
/* End PBXGroup section */

/* Begin PBXNativeTarget section */
		21E19BF028F00E2900A68AEF /* TheStudentZoneApp_Fraine */ = {
			isa = PBXNativeTarget;
			buildConfigurationList = 21E19C1E28F00E2C00A68AEF /* Build configuration list for PBXNativeTarget "TheStudentZoneApp_Fraine" */;
			buildPhases = (
				21E19BED28F00E2900A68AEF /* Sources */,
				21E19BEE28F00E2900A68AEF /* Frameworks */,
				21E19BEF28F00E2900A68AEF /* Resources */,
			);
			buildRules = (
			);
			dependencies = (
			);
			name = TheStudentZoneApp_Fraine;
			productName = TheStudentZoneApp_Fraine;
			productReference = 21E19BF128F00E2900A68AEF /* TheStudentZoneApp_Fraine.app */;
			productType = "com.apple.product-type.application";
		};
		21E19C0928F00E2C00A68AEF /* TheStudentZoneApp_FraineTests */ = {
			isa = PBXNativeTarget;
			buildConfigurationList = 21E19C2128F00E2C00A68AEF /* Build configuration list for PBXNativeTarget "TheStudentZoneApp_FraineTests" */;
			buildPhases = (
				21E19C0628F00E2C00A68AEF /* Sources */,
				21E19C0728F00E2C00A68AEF /* Frameworks */,
				21E19C0828F00E2C00A68AEF /* Resources */,
			);
			buildRules = (
			);
			dependencies = (
				21E19C0C28F00E2C00A68AEF /* PBXTargetDependency */,
			);
			name = TheStudentZoneApp_FraineTests;
			productName = TheStudentZoneApp_FraineTests;
			productReference = 21E19C0A28F00E2C00A68AEF /* TheStudentZoneApp_FraineTests.xctest */;
			productType = "com.apple.product-type.bundle.unit-test";
		};
		21E19C1328F00E2C00A68AEF /* TheStudentZoneApp_FraineUITests */ = {
			isa = PBXNativeTarget;
			buildConfigurationList = 21E19C2428F00E2C00A68AEF /* Build configuration list for PBXNativeTarget "TheStudentZoneApp_FraineUITests" */;
			buildPhases = (
				21E19C1028F00E2C00A68AEF /* Sources */,
				21E19C1128F00E2C00A68AEF /* Frameworks */,
				21E19C1228F00E2C00A68AEF /* Resources */,
			);
			buildRules = (
			);
			dependencies = (
				21E19C1628F00E2C00A68AEF /* PBXTargetDependency */,
			);
			name = TheStudentZoneApp_FraineUITests;
			productName = TheStudentZoneApp_FraineUITests;
			productReference = 21E19C1428F00E2C00A68AEF /* TheStudentZoneApp_FraineUITests.xctest */;
			productType = "com.apple.product-type.bundle.ui-testing";
		};
/* End PBXNativeTarget section */

/* Begin PBXProject section */
		21E19BE928F00E2900A68AEF /* Project object */ = {
			isa = PBXProject;
			attributes = {
				BuildIndependentTargetsInParallel = 1;
				LastSwiftUpdateCheck = 1330;
				LastUpgradeCheck = 1330;
				TargetAttributes = {
					21E19BF028F00E2900A68AEF = {
						CreatedOnToolsVersion = 13.3;
					};
					21E19C0928F00E2C00A68AEF = {
						CreatedOnToolsVersion = 13.3;
						TestTargetID = 21E19BF028F00E2900A68AEF;
					};
					21E19C1328F00E2C00A68AEF = {
						CreatedOnToolsVersion = 13.3;
						TestTargetID = 21E19BF028F00E2900A68AEF;
					};
				};
			};
			buildConfigurationList = 21E19BEC28F00E2900A68AEF /* Build configuration list for PBXProject "TheStudentZoneApp_Fraine" */;
			compatibilityVersion = "Xcode 13.0";
			developmentRegion = en;
			hasScannedForEncodings = 0;
			knownRegions = (
				en,
				Base,
			);
			mainGroup = 21E19BE828F00E2900A68AEF;
			productRefGroup = 21E19BF228F00E2900A68AEF /* Products */;
			projectDirPath = "";
			projectRoot = "";
			targets = (
				21E19BF028F00E2900A68AEF /* TheStudentZoneApp_Fraine */,
				21E19C0928F00E2C00A68AEF /* TheStudentZoneApp_FraineTests */,
				21E19C1328F00E2C00A68AEF /* TheStudentZoneApp_FraineUITests */,
			);
		};
/* End PBXProject section */

/* Begin PBXResourcesBuildPhase section */
		21E19BEF28F00E2900A68AEF /* Resources */ = {
			isa = PBXResourcesBuildPhase;
			buildActionMask = 2147483647;
			files = (
				21E19C0428F00E2C00A68AEF /* LaunchScreen.storyboard in Resources */,
				21E19C0128F00E2C00A68AEF /* Assets.xcassets in Resources */,
				21E19BFC28F00E2900A68AEF /* Main.storyboard in Resources */,
			);
			runOnlyForDeploymentPostprocessing = 0;
		};
		21E19C0828F00E2C00A68AEF /* Resources */ = {
			isa = PBXResourcesBuildPhase;
			buildActionMask = 2147483647;
			files = (
			);
			runOnlyForDeploymentPostprocessing = 0;
		};
		21E19C1228F00E2C00A68AEF /* Resources */ = {
			isa = PBXResourcesBuildPhase;
			buildActionMask = 2147483647;
			files = (
			);
			runOnlyForDeploymentPostprocessing = 0;
		};
/* End PBXResourcesBuildPhase section */

/* Begin PBXSourcesBuildPhase section */
		21E19BED28F00E2900A68AEF /* Sources */ = {
			isa = PBXSourcesBuildPhase;
			buildActionMask = 2147483647;
			files = (
				21E19BF928F00E2900A68AEF /* ViewController.swift in Sources */,
				21E19BF528F00E2900A68AEF /* AppDelegate.swift in Sources */,
				21E19BFF28F00E2900A68AEF /* TheStudentZoneApp_Fraine.xcdatamodeld in Sources */,
				21E19C3A28F2A9C900A68AEF /* ViewController6.swift in Sources */,
				21E19C3228F2A96500A68AEF /* ViewController4.swift in Sources */,
				21E19C3628F2A9B700A68AEF /* ViewController5.swift in Sources */,
				21E19BF728F00E2900A68AEF /* SceneDelegate.swift in Sources */,
				21E19C3E28F2A9D500A68AEF /* ViewController7.swift in Sources */,
				21E19C2828F2A93700A68AEF /* Viewcontroller1.swift in Sources */,
				21E19C2E28F2A95900A68AEF /* ViewController3.swift in Sources */,
				21E19C4628F2AA0200A68AEF /* ViewController9.swift in Sources */,
				21E19C2A28F2A94D00A68AEF /* ViewController2.swift in Sources */,
				21E19C4228F2A9F500A68AEF /* ViewController8.swift in Sources */,
			);
			runOnlyForDeploymentPostprocessing = 0;
		};
		21E19C0628F00E2C00A68AEF /* Sources */ = {
			isa = PBXSourcesBuildPhase;
			buildActionMask = 2147483647;
			files = (
				21E19C3F28F2A9D500A68AEF /* ViewController7.swift in Sources */,
				21E19C0F28F00E2C00A68AEF /* TheStudentZoneApp_FraineTests.swift in Sources */,
				21E19C2B28F2A94D00A68AEF /* ViewController2.swift in Sources */,
				21E19C2F28F2A95900A68AEF /* ViewController3.swift in Sources */,
				21E19C3B28F2A9C900A68AEF /* ViewController6.swift in Sources */,
				21E19C3328F2A96500A68AEF /* ViewController4.swift in Sources */,
				21E19C3728F2A9B700A68AEF /* ViewController5.swift in Sources */,
				21E19C4328F2A9F500A68AEF /* ViewController8.swift in Sources */,
				21E19C4728F2AA0200A68AEF /* ViewController9.swift in Sources */,
			);
			runOnlyForDeploymentPostprocessing = 0;
		};
		21E19C1028F00E2C00A68AEF /* Sources */ = {
			isa = PBXSourcesBuildPhase;
			buildActionMask = 2147483647;
			files = (
				21E19C1928F00E2C00A68AEF /* TheStudentZoneApp_FraineUITests.swift in Sources */,
				21E19C1B28F00E2C00A68AEF /* TheStudentZoneApp_FraineUITestsLaunchTests.swift in Sources */,
				21E19C4828F2AA0200A68AEF /* ViewController9.swift in Sources */,
				21E19C3C28F2A9C900A68AEF /* ViewController6.swift in Sources */,
				21E19C3028F2A95900A68AEF /* ViewController3.swift in Sources */,
				21E19C2C28F2A94D00A68AEF /* ViewController2.swift in Sources */,
				21E19C3828F2A9B700A68AEF /* ViewController5.swift in Sources */,
				21E19C4028F2A9D500A68AEF /* ViewController7.swift in Sources */,
				21E19C3428F2A96500A68AEF /* ViewController4.swift in Sources */,
				21E19C4428F2A9F500A68AEF /* ViewController8.swift in Sources */,
			);
			runOnlyForDeploymentPostprocessing = 0;
		};
/* End PBXSourcesBuildPhase section */

/* Begin PBXTargetDependency section */
		21E19C0C28F00E2C00A68AEF /* PBXTargetDependency */ = {
			isa = PBXTargetDependency;
			target = 21E19BF028F00E2900A68AEF /* TheStudentZoneApp_Fraine */;
			targetProxy = 21E19C0B28F00E2C00A68AEF /* PBXContainerItemProxy */;
		};
		21E19C1628F00E2C00A68AEF /* PBXTargetDependency */ = {
			isa = PBXTargetDependency;
			target = 21E19BF028F00E2900A68AEF /* TheStudentZoneApp_Fraine */;
			targetProxy = 21E19C1528F00E2C00A68AEF /* PBXContainerItemProxy */;
		};
/* End PBXTargetDependency section */

/* Begin PBXVariantGroup section */
		21E19BFA28F00E2900A68AEF /* Main.storyboard */ = {
			isa = PBXVariantGroup;
			children = (
				21E19BFB28F00E2900A68AEF /* Base */,
			);
			name = Main.storyboard;
			sourceTree = "<group>";
		};
		21E19C0228F00E2C00A68AEF /* LaunchScreen.storyboard */ = {
			isa = PBXVariantGroup;
			children = (
				21E19C0328F00E2C00A68AEF /* Base */,
			);
			name = LaunchScreen.storyboard;
			sourceTree = "<group>";
		};
/* End PBXVariantGroup section */

/* Begin XCBuildConfiguration section */
		21E19C1C28F00E2C00A68AEF /* Debug */ = {
			isa = XCBuildConfiguration;
			buildSettings = {
				ALWAYS_SEARCH_USER_PATHS = NO;
				CLANG_ANALYZER_NONNULL = YES;
				CLANG_ANALYZER_NUMBER_OBJECT_CONVERSION = YES_AGGRESSIVE;
				CLANG_CXX_LANGUAGE_STANDARD = "gnu++17";
				CLANG_ENABLE_MODULES = YES;
				CLANG_ENABLE_OBJC_ARC = YES;
				CLANG_ENABLE_OBJC_WEAK = YES;
				CLANG_WARN_BLOCK_CAPTURE_AUTORELEASING = YES;
				CLANG_WARN_BOOL_CONVERSION = YES;
				CLANG_WARN_COMMA = YES;
				CLANG_WARN_CONSTANT_CONVERSION = YES;
				CLANG_WARN_DEPRECATED_OBJC_IMPLEMENTATIONS = YES;
				CLANG_WARN_DIRECT_OBJC_ISA_USAGE = YES_ERROR;
				CLANG_WARN_DOCUMENTATION_COMMENTS = YES;
				CLANG_WARN_EMPTY_BODY = YES;
				CLANG_WARN_ENUM_CONVERSION = YES;
				CLANG_WARN_INFINITE_RECURSION = YES;
				CLANG_WARN_INT_CONVERSION = YES;
				CLANG_WARN_NON_LITERAL_NULL_CONVERSION = YES;
				CLANG_WARN_OBJC_IMPLICIT_RETAIN_SELF = YES;
				CLANG_WARN_OBJC_LITERAL_CONVERSION = YES;
				CLANG_WARN_OBJC_ROOT_CLASS = YES_ERROR;
				CLANG_WARN_QUOTED_INCLUDE_IN_FRAMEWORK_HEADER = YES;
				CLANG_WARN_RANGE_LOOP_ANALYSIS = YES;
				CLANG_WARN_STRICT_PROTOTYPES = YES;
				CLANG_WARN_SUSPICIOUS_MOVE = YES;
				CLANG_WARN_UNGUARDED_AVAILABILITY = YES_AGGRESSIVE;
				CLANG_WARN_UNREACHABLE_CODE = YES;
				CLANG_WARN__DUPLICATE_METHOD_MATCH = YES;
				COPY_PHASE_STRIP = NO;
				DEBUG_INFORMATION_FORMAT = dwarf;
				ENABLE_STRICT_OBJC_MSGSEND = YES;
				ENABLE_TESTABILITY = YES;
				GCC_C_LANGUAGE_STANDARD = gnu11;
				GCC_DYNAMIC_NO_PIC = NO;
				GCC_NO_COMMON_BLOCKS = YES;
				GCC_OPTIMIZATION_LEVEL = 0;
				GCC_PREPROCESSOR_DEFINITIONS = (
					"DEBUG=1",
					"$(inherited)",
				);
				GCC_WARN_64_TO_32_BIT_CONVERSION = YES;
				GCC_WARN_ABOUT_RETURN_TYPE = YES_ERROR;
				GCC_WARN_UNDECLARED_SELECTOR = YES;
				GCC_WARN_UNINITIALIZED_AUTOS = YES_AGGRESSIVE;
				GCC_WARN_UNUSED_FUNCTION = YES;
				GCC_WARN_UNUSED_VARIABLE = YES;
				IPHONEOS_DEPLOYMENT_TARGET = 15.4;
				MTL_ENABLE_DEBUG_INFO = INCLUDE_SOURCE;
				MTL_FAST_MATH = YES;
				ONLY_ACTIVE_ARCH = YES;
				SDKROOT = iphoneos;
				SWIFT_ACTIVE_COMPILATION_CONDITIONS = DEBUG;
				SWIFT_OPTIMIZATION_LEVEL = "-Onone";
			};
			name = Debug;
		};
		21E19C1D28F00E2C00A68AEF /* Release */ = {
			isa = XCBuildConfiguration;
			buildSettings = {
				ALWAYS_SEARCH_USER_PATHS = NO;
				CLANG_ANALYZER_NONNULL = YES;
				CLANG_ANALYZER_NUMBER_OBJECT_CONVERSION = YES_AGGRESSIVE;
				CLANG_CXX_LANGUAGE_STANDARD = "gnu++17";
				CLANG_ENABLE_MODULES = YES;
				CLANG_ENABLE_OBJC_ARC = YES;
				CLANG_ENABLE_OBJC_WEAK = YES;
				CLANG_WARN_BLOCK_CAPTURE_AUTORELEASING = YES;
				CLANG_WARN_BOOL_CONVERSION = YES;
				CLANG_WARN_COMMA = YES;
				CLANG_WARN_CONSTANT_CONVERSION = YES;
				CLANG_WARN_DEPRECATED_OBJC_IMPLEMENTATIONS = YES;
				CLANG_WARN_DIRECT_OBJC_ISA_USAGE = YES_ERROR;
				CLANG_WARN_DOCUMENTATION_COMMENTS = YES;
				CLANG_WARN_EMPTY_BODY = YES;
				CLANG_WARN_ENUM_CONVERSION = YES;
				CLANG_WARN_INFINITE_RECURSION = YES;
				CLANG_WARN_INT_CONVERSION = YES;
				CLANG_WARN_NON_LITERAL_NULL_CONVERSION = YES;
				CLANG_WARN_OBJC_IMPLICIT_RETAIN_SELF = YES;
				CLANG_WARN_OBJC_LITERAL_CONVERSION = YES;
				CLANG_WARN_OBJC_ROOT_CLASS = YES_ERROR;
				CLANG_WARN_QUOTED_INCLUDE_IN_FRAMEWORK_HEADER = YES;
				CLANG_WARN_RANGE_LOOP_ANALYSIS = YES;
				CLANG_WARN_STRICT_PROTOTYPES = YES;
				CLANG_WARN_SUSPICIOUS_MOVE = YES;
				CLANG_WARN_UNGUARDED_AVAILABILITY = YES_AGGRESSIVE;
				CLANG_WARN_UNREACHABLE_CODE = YES;
				CLANG_WARN__DUPLICATE_METHOD_MATCH = YES;
				COPY_PHASE_STRIP = NO;
				DEBUG_INFORMATION_FORMAT = "dwarf-with-dsym";
				ENABLE_NS_ASSERTIONS = NO;
				ENABLE_STRICT_OBJC_MSGSEND = YES;
				GCC_C_LANGUAGE_STANDARD = gnu11;
				GCC_NO_COMMON_BLOCKS = YES;
				GCC_WARN_64_TO_32_BIT_CONVERSION = YES;
				GCC_WARN_ABOUT_RETURN_TYPE = YES_ERROR;
				GCC_WARN_UNDECLARED_SELECTOR = YES;
				GCC_WARN_UNINITIALIZED_AUTOS = YES_AGGRESSIVE;
				GCC_WARN_UNUSED_FUNCTION = YES;
				GCC_WARN_UNUSED_VARIABLE = YES;
				IPHONEOS_DEPLOYMENT_TARGET = 15.4;
				MTL_ENABLE_DEBUG_INFO = NO;
				MTL_FAST_MATH = YES;
				SDKROOT = iphoneos;
				SWIFT_COMPILATION_MODE = wholemodule;
				SWIFT_OPTIMIZATION_LEVEL = "-O";
				VALIDATE_PRODUCT = YES;
			};
			name = Release;
		};
		21E19C1F28F00E2C00A68AEF /* Debug */ = {
			isa = XCBuildConfiguration;
			buildSettings = {
				ASSETCATALOG_COMPILER_APPICON_NAME = AppIcon;
				ASSETCATALOG_COMPILER_GLOBAL_ACCENT_COLOR_NAME = AccentColor;
				CODE_SIGN_STYLE = Automatic;
				CURRENT_PROJECT_VERSION = 1;
				DEVELOPMENT_TEAM = 943GF8964N;
				GENERATE_INFOPLIST_FILE = YES;
				INFOPLIST_FILE = TheStudentZoneApp_Fraine/Info.plist;
				INFOPLIST_KEY_UIApplicationSupportsIndirectInputEvents = YES;
				INFOPLIST_KEY_UILaunchStoryboardName = LaunchScreen;
				INFOPLIST_KEY_UIMainStoryboardFile = Main;
				INFOPLIST_KEY_UISupportedInterfaceOrientations_iPad = "UIInterfaceOrientationPortrait UIInterfaceOrientationPortraitUpsideDown UIInterfaceOrientationLandscapeLeft UIInterfaceOrientationLandscapeRight";
				INFOPLIST_KEY_UISupportedInterfaceOrientations_iPhone = "UIInterfaceOrientationPortrait UIInterfaceOrientationLandscapeLeft UIInterfaceOrientationLandscapeRight";
				LD_RUNPATH_SEARCH_PATHS = (
					"$(inherited)",
					"@executable_path/Frameworks",
				);
				MARKETING_VERSION = 1.0;
				PRODUCT_BUNDLE_IDENTIFIER = "Fraine.TheStudentZoneApp-Fraine";
				PRODUCT_NAME = "$(TARGET_NAME)";
				SWIFT_EMIT_LOC_STRINGS = YES;
				SWIFT_VERSION = 5.0;
				TARGETED_DEVICE_FAMILY = "1,2";
			};
			name = Debug;
		};
		21E19C2028F00E2C00A68AEF /* Release */ = {
			isa = XCBuildConfiguration;
			buildSettings = {
				ASSETCATALOG_COMPILER_APPICON_NAME = AppIcon;
				ASSETCATALOG_COMPILER_GLOBAL_ACCENT_COLOR_NAME = AccentColor;
				CODE_SIGN_STYLE = Automatic;
				CURRENT_PROJECT_VERSION = 1;
				DEVELOPMENT_TEAM = 943GF8964N;
				GENERATE_INFOPLIST_FILE = YES;
				INFOPLIST_FILE = TheStudentZoneApp_Fraine/Info.plist;
				INFOPLIST_KEY_UIApplicationSupportsIndirectInputEvents = YES;
				INFOPLIST_KEY_UILaunchStoryboardName = LaunchScreen;
				INFOPLIST_KEY_UIMainStoryboardFile = Main;
				INFOPLIST_KEY_UISupportedInterfaceOrientations_iPad = "UIInterfaceOrientationPortrait UIInterfaceOrientationPortraitUpsideDown UIInterfaceOrientationLandscapeLeft UIInterfaceOrientationLandscapeRight";
				INFOPLIST_KEY_UISupportedInterfaceOrientations_iPhone = "UIInterfaceOrientationPortrait UIInterfaceOrientationLandscapeLeft UIInterfaceOrientationLandscapeRight";
				LD_RUNPATH_SEARCH_PATHS = (
					"$(inherited)",
					"@executable_path/Frameworks",
				);
				MARKETING_VERSION = 1.0;
				PRODUCT_BUNDLE_IDENTIFIER = "Fraine.TheStudentZoneApp-Fraine";
				PRODUCT_NAME = "$(TARGET_NAME)";
				SWIFT_EMIT_LOC_STRINGS = YES;
				SWIFT_VERSION = 5.0;
				TARGETED_DEVICE_FAMILY = "1,2";
			};
			name = Release;
		};
		21E19C2228F00E2C00A68AEF /* Debug */ = {
			isa = XCBuildConfiguration;
			buildSettings = {
				ALWAYS_EMBED_SWIFT_STANDARD_LIBRARIES = YES;
				BUNDLE_LOADER = "$(TEST_HOST)";
				CODE_SIGN_STYLE = Automatic;
				CURRENT_PROJECT_VERSION = 1;
				DEVELOPMENT_TEAM = 943GF8964N;
				GENERATE_INFOPLIST_FILE = YES;
				IPHONEOS_DEPLOYMENT_TARGET = 15.4;
				MARKETING_VERSION = 1.0;
				PRODUCT_BUNDLE_IDENTIFIER = "Fraine.TheStudentZoneApp-FraineTests";
				PRODUCT_NAME = "$(TARGET_NAME)";
				SWIFT_EMIT_LOC_STRINGS = NO;
				SWIFT_VERSION = 5.0;
				TARGETED_DEVICE_FAMILY = "1,2";
				TEST_HOST = "$(BUILT_PRODUCTS_DIR)/TheStudentZoneApp_Fraine.app/TheStudentZoneApp_Fraine";
			};
			name = Debug;
		};
		21E19C2328F00E2C00A68AEF /* Release */ = {
			isa = XCBuildConfiguration;
			buildSettings = {
				ALWAYS_EMBED_SWIFT_STANDARD_LIBRARIES = YES;
				BUNDLE_LOADER = "$(TEST_HOST)";
				CODE_SIGN_STYLE = Automatic;
				CURRENT_PROJECT_VERSION = 1;
				DEVELOPMENT_TEAM = 943GF8964N;
				GENERATE_INFOPLIST_FILE = YES;
				IPHONEOS_DEPLOYMENT_TARGET = 15.4;
				MARKETING_VERSION = 1.0;
				PRODUCT_BUNDLE_IDENTIFIER = "Fraine.TheStudentZoneApp-FraineTests";
				PRODUCT_NAME = "$(TARGET_NAME)";
				SWIFT_EMIT_LOC_STRINGS = NO;
				SWIFT_VERSION = 5.0;
				TARGETED_DEVICE_FAMILY = "1,2";
				TEST_HOST = "$(BUILT_PRODUCTS_DIR)/TheStudentZoneApp_Fraine.app/TheStudentZoneApp_Fraine";
			};
			name = Release;
		};
		21E19C2528F00E2C00A68AEF /* Debug */ = {
			isa = XCBuildConfiguration;
			buildSettings = {
				ALWAYS_EMBED_SWIFT_STANDARD_LIBRARIES = YES;
				CODE_SIGN_STYLE = Automatic;
				CURRENT_PROJECT_VERSION = 1;
				DEVELOPMENT_TEAM = 943GF8964N;
				GENERATE_INFOPLIST_FILE = YES;
				MARKETING_VERSION = 1.0;
				PRODUCT_BUNDLE_IDENTIFIER = "Fraine.TheStudentZoneApp-FraineUITests";
				PRODUCT_NAME = "$(TARGET_NAME)";
				SWIFT_EMIT_LOC_STRINGS = NO;
				SWIFT_VERSION = 5.0;
				TARGETED_DEVICE_FAMILY = "1,2";
				TEST_TARGET_NAME = TheStudentZoneApp_Fraine;
			};
			name = Debug;
		};
		21E19C2628F00E2C00A68AEF /* Release */ = {
			isa = XCBuildConfiguration;
			buildSettings = {
				ALWAYS_EMBED_SWIFT_STANDARD_LIBRARIES = YES;
				CODE_SIGN_STYLE = Automatic;
				CURRENT_PROJECT_VERSION = 1;
				DEVELOPMENT_TEAM = 943GF8964N;
				GENERATE_INFOPLIST_FILE = YES;
				MARKETING_VERSION = 1.0;
				PRODUCT_BUNDLE_IDENTIFIER = "Fraine.TheStudentZoneApp-FraineUITests";
				PRODUCT_NAME = "$(TARGET_NAME)";
				SWIFT_EMIT_LOC_STRINGS = NO;
				SWIFT_VERSION = 5.0;
				TARGETED_DEVICE_FAMILY = "1,2";
				TEST_TARGET_NAME = TheStudentZoneApp_Fraine;
			};
			name = Release;
		};
/* End XCBuildConfiguration section */

/* Begin XCConfigurationList section */
		21E19BEC28F00E2900A68AEF /* Build configuration list for PBXProject "TheStudentZoneApp_Fraine" */ = {
			isa = XCConfigurationList;
			buildConfigurations = (
				21E19C1C28F00E2C00A68AEF /* Debug */,
				21E19C1D28F00E2C00A68AEF /* Release */,
			);
			defaultConfigurationIsVisible = 0;
			defaultConfigurationName = Release;
		};
		21E19C1E28F00E2C00A68AEF /* Build configuration list for PBXNativeTarget "TheStudentZoneApp_Fraine" */ = {
			isa = XCConfigurationList;
			buildConfigurations = (
				21E19C1F28F00E2C00A68AEF /* Debug */,
				21E19C2028F00E2C00A68AEF /* Release */,
			);
			defaultConfigurationIsVisible = 0;
			defaultConfigurationName = Release;
		};
		21E19C2128F00E2C00A68AEF /* Build configuration list for PBXNativeTarget "TheStudentZoneApp_FraineTests" */ = {
			isa = XCConfigurationList;
			buildConfigurations = (
				21E19C2228F00E2C00A68AEF /* Debug */,
				21E19C2328F00E2C00A68AEF /* Release */,
			);
			defaultConfigurationIsVisible = 0;
			defaultConfigurationName = Release;
		};
		21E19C2428F00E2C00A68AEF /* Build configuration list for PBXNativeTarget "TheStudentZoneApp_FraineUITests" */ = {
			isa = XCConfigurationList;
			buildConfigurations = (
				21E19C2528F00E2C00A68AEF /* Debug */,
				21E19C2628F00E2C00A68AEF /* Release */,
			);
			defaultConfigurationIsVisible = 0;
			defaultConfigurationName = Release;
		};
/* End XCConfigurationList section */

/* Begin XCVersionGroup section */
		21E19BFD28F00E2900A68AEF /* TheStudentZoneApp_Fraine.xcdatamodeld */ = {
			isa = XCVersionGroup;
			children = (
				21E19BFE28F00E2900A68AEF /* TheStudentZoneApp_Fraine.xcdatamodel */,
			);
			currentVersion = 21E19BFE28F00E2900A68AEF /* TheStudentZoneApp_Fraine.xcdatamodel */;
			path = TheStudentZoneApp_Fraine.xcdatamodeld;
			sourceTree = "<group>";
			versionGroupType = wrapper.xcdatamodel;
		};
/* End XCVersionGroup section */
	};
	rootObject = 21E19BE928F00E2900A68AEF /* Project object */;
}
