// !$*UTF8*$!
{
	archiveVersion = 1;
	classes = {
	};
	objectVersion = 55;
	objects = {

/* Begin PBXBuildFile section */
		21791814293891B9006BB2E2 /* ViewController10.swift in Sources */ = {isa = PBXBuildFile; fileRef = 21791813293891B9006BB2E2 /* ViewController10.swift */; };
		21791816293891CD006BB2E2 /* ViewController11.swift in Sources */ = {isa = PBXBuildFile; fileRef = 21791815293891CD006BB2E2 /* ViewController11.swift */; };
		21791818293891E1006BB2E2 /* ViewController12.swift in Sources */ = {isa = PBXBuildFile; fileRef = 21791817293891E1006BB2E2 /* ViewController12.swift */; };
		21791819293891E1006BB2E2 /* ViewController12.swift in Sources */ = {isa = PBXBuildFile; fileRef = 21791817293891E1006BB2E2 /* ViewController12.swift */; };
		2179181A293891E1006BB2E2 /* ViewController12.swift in Sources */ = {isa = PBXBuildFile; fileRef = 21791817293891E1006BB2E2 /* ViewController12.swift */; };
		2179181C293891F6006BB2E2 /* ViewController13.swift in Sources */ = {isa = PBXBuildFile; fileRef = 2179181B293891F6006BB2E2 /* ViewController13.swift */; };
		2179181D293891F6006BB2E2 /* ViewController13.swift in Sources */ = {isa = PBXBuildFile; fileRef = 2179181B293891F6006BB2E2 /* ViewController13.swift */; };
		2179181E293891F6006BB2E2 /* ViewController13.swift in Sources */ = {isa = PBXBuildFile; fileRef = 2179181B293891F6006BB2E2 /* ViewController13.swift */; };
		2179182029389206006BB2E2 /* ViewController14.swift in Sources */ = {isa = PBXBuildFile; fileRef = 2179181F29389206006BB2E2 /* ViewController14.swift */; };
		2179182129389206006BB2E2 /* ViewController14.swift in Sources */ = {isa = PBXBuildFile; fileRef = 2179181F29389206006BB2E2 /* ViewController14.swift */; };
		2179182229389206006BB2E2 /* ViewController14.swift in Sources */ = {isa = PBXBuildFile; fileRef = 2179181F29389206006BB2E2 /* ViewController14.swift */; };
		2179182429389217006BB2E2 /* ViewController15.swift in Sources */ = {isa = PBXBuildFile; fileRef = 2179182329389217006BB2E2 /* ViewController15.swift */; };
		2179182529389217006BB2E2 /* ViewController15.swift in Sources */ = {isa = PBXBuildFile; fileRef = 2179182329389217006BB2E2 /* ViewController15.swift */; };
		2179182629389217006BB2E2 /* ViewController15.swift in Sources */ = {isa = PBXBuildFile; fileRef = 2179182329389217006BB2E2 /* ViewController15.swift */; };
		2179182829389227006BB2E2 /* ViewController16.swift in Sources */ = {isa = PBXBuildFile; fileRef = 2179182729389227006BB2E2 /* ViewController16.swift */; };
		2179182929389227006BB2E2 /* ViewController16.swift in Sources */ = {isa = PBXBuildFile; fileRef = 2179182729389227006BB2E2 /* ViewController16.swift */; };
		2179182A29389227006BB2E2 /* ViewController16.swift in Sources */ = {isa = PBXBuildFile; fileRef = 2179182729389227006BB2E2 /* ViewController16.swift */; };
		2179182C29389236006BB2E2 /* ViewController17.swift in Sources */ = {isa = PBXBuildFile; fileRef = 2179182B29389236006BB2E2 /* ViewController17.swift */; };
		2179182D29389236006BB2E2 /* ViewController17.swift in Sources */ = {isa = PBXBuildFile; fileRef = 2179182B29389236006BB2E2 /* ViewController17.swift */; };
		2179182E29389236006BB2E2 /* ViewController17.swift in Sources */ = {isa = PBXBuildFile; fileRef = 2179182B29389236006BB2E2 /* ViewController17.swift */; };
		2179183029389246006BB2E2 /* ViewController18.swift in Sources */ = {isa = PBXBuildFile; fileRef = 2179182F29389246006BB2E2 /* ViewController18.swift */; };
		2179183129389246006BB2E2 /* ViewController18.swift in Sources */ = {isa = PBXBuildFile; fileRef = 2179182F29389246006BB2E2 /* ViewController18.swift */; };
		2179183229389246006BB2E2 /* ViewController18.swift in Sources */ = {isa = PBXBuildFile; fileRef = 2179182F29389246006BB2E2 /* ViewController18.swift */; };
		2179183429389256006BB2E2 /* ViewController19.swift in Sources */ = {isa = PBXBuildFile; fileRef = 2179183329389256006BB2E2 /* ViewController19.swift */; };
		2179183529389256006BB2E2 /* ViewController19.swift in Sources */ = {isa = PBXBuildFile; fileRef = 2179183329389256006BB2E2 /* ViewController19.swift */; };
		2179183629389256006BB2E2 /* ViewController19.swift in Sources */ = {isa = PBXBuildFile; fileRef = 2179183329389256006BB2E2 /* ViewController19.swift */; };
		2179183829389269006BB2E2 /* ViewController20.swift in Sources */ = {isa = PBXBuildFile; fileRef = 2179183729389269006BB2E2 /* ViewController20.swift */; };
		2179183929389269006BB2E2 /* ViewController20.swift in Sources */ = {isa = PBXBuildFile; fileRef = 2179183729389269006BB2E2 /* ViewController20.swift */; };
		2179183A29389269006BB2E2 /* ViewController20.swift in Sources */ = {isa = PBXBuildFile; fileRef = 2179183729389269006BB2E2 /* ViewController20.swift */; };
		2179183C29389B00006BB2E2 /* ViewController21.swift in Sources */ = {isa = PBXBuildFile; fileRef = 2179183B29389B00006BB2E2 /* ViewController21.swift */; };
		2179183D29389B00006BB2E2 /* ViewController21.swift in Sources */ = {isa = PBXBuildFile; fileRef = 2179183B29389B00006BB2E2 /* ViewController21.swift */; };
		2179183E29389B00006BB2E2 /* ViewController21.swift in Sources */ = {isa = PBXBuildFile; fileRef = 2179183B29389B00006BB2E2 /* ViewController21.swift */; };
		2179184029389B17006BB2E2 /* ViewController22.swift in Sources */ = {isa = PBXBuildFile; fileRef = 2179183F29389B17006BB2E2 /* ViewController22.swift */; };
		2179184129389B17006BB2E2 /* ViewController22.swift in Sources */ = {isa = PBXBuildFile; fileRef = 2179183F29389B17006BB2E2 /* ViewController22.swift */; };
		2179184229389B17006BB2E2 /* ViewController22.swift in Sources */ = {isa = PBXBuildFile; fileRef = 2179183F29389B17006BB2E2 /* ViewController22.swift */; };
		2179184429389B28006BB2E2 /* ViewController23.swift in Sources */ = {isa = PBXBuildFile; fileRef = 2179184329389B28006BB2E2 /* ViewController23.swift */; };
		2179184529389B28006BB2E2 /* ViewController23.swift in Sources */ = {isa = PBXBuildFile; fileRef = 2179184329389B28006BB2E2 /* ViewController23.swift */; };
		2179184629389B28006BB2E2 /* ViewController23.swift in Sources */ = {isa = PBXBuildFile; fileRef = 2179184329389B28006BB2E2 /* ViewController23.swift */; };
		2179184829389B39006BB2E2 /* ViewController24.swift in Sources */ = {isa = PBXBuildFile; fileRef = 2179184729389B39006BB2E2 /* ViewController24.swift */; };
		2179184929389B39006BB2E2 /* ViewController24.swift in Sources */ = {isa = PBXBuildFile; fileRef = 2179184729389B39006BB2E2 /* ViewController24.swift */; };
		2179184A29389B39006BB2E2 /* ViewController24.swift in Sources */ = {isa = PBXBuildFile; fileRef = 2179184729389B39006BB2E2 /* ViewController24.swift */; };
		2179184C29389B4D006BB2E2 /* ViewController25.swift in Sources */ = {isa = PBXBuildFile; fileRef = 2179184B29389B4D006BB2E2 /* ViewController25.swift */; };
		2179184D29389B4D006BB2E2 /* ViewController25.swift in Sources */ = {isa = PBXBuildFile; fileRef = 2179184B29389B4D006BB2E2 /* ViewController25.swift */; };
		2179184E29389B4D006BB2E2 /* ViewController25.swift in Sources */ = {isa = PBXBuildFile; fileRef = 2179184B29389B4D006BB2E2 /* ViewController25.swift */; };
		2179185029389B5D006BB2E2 /* ViewController26.swift in Sources */ = {isa = PBXBuildFile; fileRef = 2179184F29389B5D006BB2E2 /* ViewController26.swift */; };
		2179185129389B5D006BB2E2 /* ViewController26.swift in Sources */ = {isa = PBXBuildFile; fileRef = 2179184F29389B5D006BB2E2 /* ViewController26.swift */; };
		2179185229389B5D006BB2E2 /* ViewController26.swift in Sources */ = {isa = PBXBuildFile; fileRef = 2179184F29389B5D006BB2E2 /* ViewController26.swift */; };
		2179185429389B6E006BB2E2 /* ViewController27.swift in Sources */ = {isa = PBXBuildFile; fileRef = 2179185329389B6E006BB2E2 /* ViewController27.swift */; };
		2179185529389B6E006BB2E2 /* ViewController27.swift in Sources */ = {isa = PBXBuildFile; fileRef = 2179185329389B6E006BB2E2 /* ViewController27.swift */; };
		2179185629389B6E006BB2E2 /* ViewController27.swift in Sources */ = {isa = PBXBuildFile; fileRef = 2179185329389B6E006BB2E2 /* ViewController27.swift */; };
		2179185829389B81006BB2E2 /* ViewController28.swift in Sources */ = {isa = PBXBuildFile; fileRef = 2179185729389B81006BB2E2 /* ViewController28.swift */; };
		2179185929389B81006BB2E2 /* ViewController28.swift in Sources */ = {isa = PBXBuildFile; fileRef = 2179185729389B81006BB2E2 /* ViewController28.swift */; };
		2179185A29389B81006BB2E2 /* ViewController28.swift in Sources */ = {isa = PBXBuildFile; fileRef = 2179185729389B81006BB2E2 /* ViewController28.swift */; };
		2179185C29389B91006BB2E2 /* ViewController29.swift in Sources */ = {isa = PBXBuildFile; fileRef = 2179185B29389B91006BB2E2 /* ViewController29.swift */; };
		2179185D29389B91006BB2E2 /* ViewController29.swift in Sources */ = {isa = PBXBuildFile; fileRef = 2179185B29389B91006BB2E2 /* ViewController29.swift */; };
		2179185E29389B91006BB2E2 /* ViewController29.swift in Sources */ = {isa = PBXBuildFile; fileRef = 2179185B29389B91006BB2E2 /* ViewController29.swift */; };
		2179186029389BA6006BB2E2 /* ViewController30.swift in Sources */ = {isa = PBXBuildFile; fileRef = 2179185F29389BA6006BB2E2 /* ViewController30.swift */; };
		2179186129389BA6006BB2E2 /* ViewController30.swift in Sources */ = {isa = PBXBuildFile; fileRef = 2179185F29389BA6006BB2E2 /* ViewController30.swift */; };
		2179186229389BA6006BB2E2 /* ViewController30.swift in Sources */ = {isa = PBXBuildFile; fileRef = 2179185F29389BA6006BB2E2 /* ViewController30.swift */; };
		2179186829389DD3006BB2E2 /* ViewController31.swift in Sources */ = {isa = PBXBuildFile; fileRef = 2179186729389DD3006BB2E2 /* ViewController31.swift */; };
		2179186C29389DF5006BB2E2 /* ViewController32.swift in Sources */ = {isa = PBXBuildFile; fileRef = 2179186B29389DF5006BB2E2 /* ViewController32.swift */; };
		2179186D29389DF5006BB2E2 /* ViewController32.swift in Sources */ = {isa = PBXBuildFile; fileRef = 2179186B29389DF5006BB2E2 /* ViewController32.swift */; };
		2179186E29389DF5006BB2E2 /* ViewController32.swift in Sources */ = {isa = PBXBuildFile; fileRef = 2179186B29389DF5006BB2E2 /* ViewController32.swift */; };
		2179187029389E02006BB2E2 /* ViewController33.swift in Sources */ = {isa = PBXBuildFile; fileRef = 2179186F29389E02006BB2E2 /* ViewController33.swift */; };
		2179187129389E02006BB2E2 /* ViewController33.swift in Sources */ = {isa = PBXBuildFile; fileRef = 2179186F29389E02006BB2E2 /* ViewController33.swift */; };
		2179187229389E02006BB2E2 /* ViewController33.swift in Sources */ = {isa = PBXBuildFile; fileRef = 2179186F29389E02006BB2E2 /* ViewController33.swift */; };
		2179187429389E11006BB2E2 /* ViewController34.swift in Sources */ = {isa = PBXBuildFile; fileRef = 2179187329389E11006BB2E2 /* ViewController34.swift */; };
		2179187529389E11006BB2E2 /* ViewController34.swift in Sources */ = {isa = PBXBuildFile; fileRef = 2179187329389E11006BB2E2 /* ViewController34.swift */; };
		2179187629389E11006BB2E2 /* ViewController34.swift in Sources */ = {isa = PBXBuildFile; fileRef = 2179187329389E11006BB2E2 /* ViewController34.swift */; };
		2179187829389E21006BB2E2 /* ViewController35.swift in Sources */ = {isa = PBXBuildFile; fileRef = 2179187729389E21006BB2E2 /* ViewController35.swift */; };
		2179187929389E21006BB2E2 /* ViewController35.swift in Sources */ = {isa = PBXBuildFile; fileRef = 2179187729389E21006BB2E2 /* ViewController35.swift */; };
		2179187A29389E21006BB2E2 /* ViewController35.swift in Sources */ = {isa = PBXBuildFile; fileRef = 2179187729389E21006BB2E2 /* ViewController35.swift */; };
		2179187C29389E2E006BB2E2 /* ViewController36.swift in Sources */ = {isa = PBXBuildFile; fileRef = 2179187B29389E2E006BB2E2 /* ViewController36.swift */; };
		2179187D29389E2E006BB2E2 /* ViewController36.swift in Sources */ = {isa = PBXBuildFile; fileRef = 2179187B29389E2E006BB2E2 /* ViewController36.swift */; };
		2179187E29389E2E006BB2E2 /* ViewController36.swift in Sources */ = {isa = PBXBuildFile; fileRef = 2179187B29389E2E006BB2E2 /* ViewController36.swift */; };
		2179188029389E3C006BB2E2 /* ViewController37.swift in Sources */ = {isa = PBXBuildFile; fileRef = 2179187F29389E3C006BB2E2 /* ViewController37.swift */; };
		2179188129389E3C006BB2E2 /* ViewController37.swift in Sources */ = {isa = PBXBuildFile; fileRef = 2179187F29389E3C006BB2E2 /* ViewController37.swift */; };
		2179188229389E3C006BB2E2 /* ViewController37.swift in Sources */ = {isa = PBXBuildFile; fileRef = 2179187F29389E3C006BB2E2 /* ViewController37.swift */; };
		2179188429389E4C006BB2E2 /* ViewController38.swift in Sources */ = {isa = PBXBuildFile; fileRef = 2179188329389E4B006BB2E2 /* ViewController38.swift */; };
		2179188529389E4C006BB2E2 /* ViewController38.swift in Sources */ = {isa = PBXBuildFile; fileRef = 2179188329389E4B006BB2E2 /* ViewController38.swift */; };
		2179188629389E4C006BB2E2 /* ViewController38.swift in Sources */ = {isa = PBXBuildFile; fileRef = 2179188329389E4B006BB2E2 /* ViewController38.swift */; };
		2179188829389E6A006BB2E2 /* ViewController39.swift in Sources */ = {isa = PBXBuildFile; fileRef = 2179188729389E6A006BB2E2 /* ViewController39.swift */; };
		2179188929389E6A006BB2E2 /* ViewController39.swift in Sources */ = {isa = PBXBuildFile; fileRef = 2179188729389E6A006BB2E2 /* ViewController39.swift */; };
		2179188A29389E6A006BB2E2 /* ViewController39.swift in Sources */ = {isa = PBXBuildFile; fileRef = 2179188729389E6A006BB2E2 /* ViewController39.swift */; };
		2179188C29389E7D006BB2E2 /* ViewController40.swift in Sources */ = {isa = PBXBuildFile; fileRef = 2179188B29389E7D006BB2E2 /* ViewController40.swift */; };
		2179188D29389E7D006BB2E2 /* ViewController40.swift in Sources */ = {isa = PBXBuildFile; fileRef = 2179188B29389E7D006BB2E2 /* ViewController40.swift */; };
		2179188E29389E7D006BB2E2 /* ViewController40.swift in Sources */ = {isa = PBXBuildFile; fileRef = 2179188B29389E7D006BB2E2 /* ViewController40.swift */; };
		2179189029389E8A006BB2E2 /* ViewController41.swift in Sources */ = {isa = PBXBuildFile; fileRef = 2179188F29389E8A006BB2E2 /* ViewController41.swift */; };
		217ACD0E293E9D7E00778FF7 /* ViewController31.swift in Sources */ = {isa = PBXBuildFile; fileRef = 217ACD0D293E9D7E00778FF7 /* ViewController31.swift */; };
		217ACD10293E9E0B00778FF7 /* ViewController42.swift in Sources */ = {isa = PBXBuildFile; fileRef = 217ACD0F293E9E0B00778FF7 /* ViewController42.swift */; };
		217ACD11293E9E0B00778FF7 /* ViewController42.swift in Sources */ = {isa = PBXBuildFile; fileRef = 217ACD0F293E9E0B00778FF7 /* ViewController42.swift */; };
		217ACD12293E9E0B00778FF7 /* ViewController42.swift in Sources */ = {isa = PBXBuildFile; fileRef = 217ACD0F293E9E0B00778FF7 /* ViewController42.swift */; };
		217ACD14293E9E2700778FF7 /* ViewController43.swift in Sources */ = {isa = PBXBuildFile; fileRef = 217ACD13293E9E2700778FF7 /* ViewController43.swift */; };
		217ACD15293E9E2700778FF7 /* ViewController43.swift in Sources */ = {isa = PBXBuildFile; fileRef = 217ACD13293E9E2700778FF7 /* ViewController43.swift */; };
		217ACD16293E9E2700778FF7 /* ViewController43.swift in Sources */ = {isa = PBXBuildFile; fileRef = 217ACD13293E9E2700778FF7 /* ViewController43.swift */; };
		217ACD18293E9E3F00778FF7 /* ViewController44.swift in Sources */ = {isa = PBXBuildFile; fileRef = 217ACD17293E9E3F00778FF7 /* ViewController44.swift */; };
		217ACD19293E9E3F00778FF7 /* ViewController44.swift in Sources */ = {isa = PBXBuildFile; fileRef = 217ACD17293E9E3F00778FF7 /* ViewController44.swift */; };
		217ACD1A293E9E3F00778FF7 /* ViewController44.swift in Sources */ = {isa = PBXBuildFile; fileRef = 217ACD17293E9E3F00778FF7 /* ViewController44.swift */; };
		217ACD1C293E9E5200778FF7 /* ViewController45.swift in Sources */ = {isa = PBXBuildFile; fileRef = 217ACD1B293E9E5200778FF7 /* ViewController45.swift */; };
		217ACD1D293E9E5200778FF7 /* ViewController45.swift in Sources */ = {isa = PBXBuildFile; fileRef = 217ACD1B293E9E5200778FF7 /* ViewController45.swift */; };
		217ACD1E293E9E5200778FF7 /* ViewController45.swift in Sources */ = {isa = PBXBuildFile; fileRef = 217ACD1B293E9E5200778FF7 /* ViewController45.swift */; };
		217ACD20293E9E7000778FF7 /* ViewController46.swift in Sources */ = {isa = PBXBuildFile; fileRef = 217ACD1F293E9E7000778FF7 /* ViewController46.swift */; };
		217ACD21293E9E7000778FF7 /* ViewController46.swift in Sources */ = {isa = PBXBuildFile; fileRef = 217ACD1F293E9E7000778FF7 /* ViewController46.swift */; };
		217ACD22293E9E7000778FF7 /* ViewController46.swift in Sources */ = {isa = PBXBuildFile; fileRef = 217ACD1F293E9E7000778FF7 /* ViewController46.swift */; };
		217ACD24293E9E9000778FF7 /* ViewController47.swift in Sources */ = {isa = PBXBuildFile; fileRef = 217ACD23293E9E9000778FF7 /* ViewController47.swift */; };
		217ACD25293E9E9000778FF7 /* ViewController47.swift in Sources */ = {isa = PBXBuildFile; fileRef = 217ACD23293E9E9000778FF7 /* ViewController47.swift */; };
		217ACD26293E9E9000778FF7 /* ViewController47.swift in Sources */ = {isa = PBXBuildFile; fileRef = 217ACD23293E9E9000778FF7 /* ViewController47.swift */; };
		217ACD28293E9EA500778FF7 /* ViewController48.swift in Sources */ = {isa = PBXBuildFile; fileRef = 217ACD27293E9EA500778FF7 /* ViewController48.swift */; };
		217ACD29293E9EA500778FF7 /* ViewController48.swift in Sources */ = {isa = PBXBuildFile; fileRef = 217ACD27293E9EA500778FF7 /* ViewController48.swift */; };
		217ACD2A293E9EA500778FF7 /* ViewController48.swift in Sources */ = {isa = PBXBuildFile; fileRef = 217ACD27293E9EA500778FF7 /* ViewController48.swift */; };
		217ACD2C293E9EBB00778FF7 /* ViewController49.swift in Sources */ = {isa = PBXBuildFile; fileRef = 217ACD2B293E9EBB00778FF7 /* ViewController49.swift */; };
		217ACD2D293E9EBB00778FF7 /* ViewController49.swift in Sources */ = {isa = PBXBuildFile; fileRef = 217ACD2B293E9EBB00778FF7 /* ViewController49.swift */; };
		217ACD2E293E9EBB00778FF7 /* ViewController49.swift in Sources */ = {isa = PBXBuildFile; fileRef = 217ACD2B293E9EBB00778FF7 /* ViewController49.swift */; };
		217ACD30293E9ED500778FF7 /* ViewController50.swift in Sources */ = {isa = PBXBuildFile; fileRef = 217ACD2F293E9ED500778FF7 /* ViewController50.swift */; };
		217ACD31293E9ED500778FF7 /* ViewController50.swift in Sources */ = {isa = PBXBuildFile; fileRef = 217ACD2F293E9ED500778FF7 /* ViewController50.swift */; };
		217ACD32293E9ED500778FF7 /* ViewController50.swift in Sources */ = {isa = PBXBuildFile; fileRef = 217ACD2F293E9ED500778FF7 /* ViewController50.swift */; };
		217ACD34293E9EE900778FF7 /* ViewController51.swift in Sources */ = {isa = PBXBuildFile; fileRef = 217ACD33293E9EE900778FF7 /* ViewController51.swift */; };
		217ACD35293E9EE900778FF7 /* ViewController51.swift in Sources */ = {isa = PBXBuildFile; fileRef = 217ACD33293E9EE900778FF7 /* ViewController51.swift */; };
		217ACD36293E9EE900778FF7 /* ViewController51.swift in Sources */ = {isa = PBXBuildFile; fileRef = 217ACD33293E9EE900778FF7 /* ViewController51.swift */; };
		217ACD39293F3E5100778FF7 /* ViewController52.swift in Sources */ = {isa = PBXBuildFile; fileRef = 217ACD38293F3E5100778FF7 /* ViewController52.swift */; };
		217ACD3B293F3E6400778FF7 /* ViewController53.swift in Sources */ = {isa = PBXBuildFile; fileRef = 217ACD3A293F3E6400778FF7 /* ViewController53.swift */; };
		217ACD3D293F3E7800778FF7 /* ViewController54.swift in Sources */ = {isa = PBXBuildFile; fileRef = 217ACD3C293F3E7800778FF7 /* ViewController54.swift */; };
		217ACD3F293F3E9700778FF7 /* ViewController55.swift in Sources */ = {isa = PBXBuildFile; fileRef = 217ACD3E293F3E9700778FF7 /* ViewController55.swift */; };
		217ACD41293F3EAA00778FF7 /* ViewController56.swift in Sources */ = {isa = PBXBuildFile; fileRef = 217ACD40293F3EAA00778FF7 /* ViewController56.swift */; };
		217ACD43293F40CE00778FF7 /* ViewController57.swift in Sources */ = {isa = PBXBuildFile; fileRef = 217ACD42293F40CE00778FF7 /* ViewController57.swift */; };
		217ACD45293F4EDE00778FF7 /* ViewController59.swift in Sources */ = {isa = PBXBuildFile; fileRef = 217ACD44293F4EDE00778FF7 /* ViewController59.swift */; };
		217ACD47293F505200778FF7 /* ViewController60.swift in Sources */ = {isa = PBXBuildFile; fileRef = 217ACD46293F505200778FF7 /* ViewController60.swift */; };
		21E19BF528F00E2900A68AEF /* AppDelegate.swift in Sources */ = {isa = PBXBuildFile; fileRef = 21E19BF428F00E2900A68AEF /* AppDelegate.swift */; };
		21E19BF728F00E2900A68AEF /* SceneDelegate.swift in Sources */ = {isa = PBXBuildFile; fileRef = 21E19BF628F00E2900A68AEF /* SceneDelegate.swift */; };
		21E19BF928F00E2900A68AEF /* ViewController.swift in Sources */ = {isa = PBXBuildFile; fileRef = 21E19BF828F00E2900A68AEF /* ViewController.swift */; };
		21E19BFC28F00E2900A68AEF /* Main.storyboard in Resources */ = {isa = PBXBuildFile; fileRef = 21E19BFA28F00E2900A68AEF /* Main.storyboard */; };
		21E19BFF28F00E2900A68AEF /* TheStudentZoneApp_Fraine.xcdatamodeld in Sources */ = {isa = PBXBuildFile; fileRef = 21E19BFD28F00E2900A68AEF /* TheStudentZoneApp_Fraine.xcdatamodeld */; };
		21E19C0128F00E2C00A68AEF /* Assets.xcassets in Resources */ = {isa = PBXBuildFile; fileRef = 21E19C0028F00E2C00A68AEF /* Assets.xcassets */; };
		21E19C0428F00E2C00A68AEF /* LaunchScreen.storyboard in Resources */ = {isa = PBXBuildFile; fileRef = 21E19C0228F00E2C00A68AEF /* LaunchScreen.storyboard */; };
		21E19C0F28F00E2C00A68AEF /* TheStudentZoneApp_FraineTests.swift in Sources */ = {isa = PBXBuildFile; fileRef = 21E19C0E28F00E2C00A68AEF /* TheStudentZoneApp_FraineTests.swift */; };
		21E19C1928F00E2C00A68AEF /* TheStudentZoneApp_FraineUITests.swift in Sources */ = {isa = PBXBuildFile; fileRef = 21E19C1828F00E2C00A68AEF /* TheStudentZoneApp_FraineUITests.swift */; };
		21E19C1B28F00E2C00A68AEF /* TheStudentZoneApp_FraineUITestsLaunchTests.swift in Sources */ = {isa = PBXBuildFile; fileRef = 21E19C1A28F00E2C00A68AEF /* TheStudentZoneApp_FraineUITestsLaunchTests.swift */; };
		21E19C2828F2A93700A68AEF /* Viewcontroller1.swift in Sources */ = {isa = PBXBuildFile; fileRef = 21E19C2728F2A93700A68AEF /* Viewcontroller1.swift */; };
		21E19C2A28F2A94D00A68AEF /* ViewController2.swift in Sources */ = {isa = PBXBuildFile; fileRef = 21E19C2928F2A94D00A68AEF /* ViewController2.swift */; };
		21E19C2B28F2A94D00A68AEF /* ViewController2.swift in Sources */ = {isa = PBXBuildFile; fileRef = 21E19C2928F2A94D00A68AEF /* ViewController2.swift */; };
		21E19C2C28F2A94D00A68AEF /* ViewController2.swift in Sources */ = {isa = PBXBuildFile; fileRef = 21E19C2928F2A94D00A68AEF /* ViewController2.swift */; };
		21E19C2E28F2A95900A68AEF /* ViewController3.swift in Sources */ = {isa = PBXBuildFile; fileRef = 21E19C2D28F2A95900A68AEF /* ViewController3.swift */; };
		21E19C2F28F2A95900A68AEF /* ViewController3.swift in Sources */ = {isa = PBXBuildFile; fileRef = 21E19C2D28F2A95900A68AEF /* ViewController3.swift */; };
		21E19C3028F2A95900A68AEF /* ViewController3.swift in Sources */ = {isa = PBXBuildFile; fileRef = 21E19C2D28F2A95900A68AEF /* ViewController3.swift */; };
		21E19C3228F2A96500A68AEF /* ViewController4.swift in Sources */ = {isa = PBXBuildFile; fileRef = 21E19C3128F2A96500A68AEF /* ViewController4.swift */; };
		21E19C3328F2A96500A68AEF /* ViewController4.swift in Sources */ = {isa = PBXBuildFile; fileRef = 21E19C3128F2A96500A68AEF /* ViewController4.swift */; };
		21E19C3428F2A96500A68AEF /* ViewController4.swift in Sources */ = {isa = PBXBuildFile; fileRef = 21E19C3128F2A96500A68AEF /* ViewController4.swift */; };
		21E19C3628F2A9B700A68AEF /* ViewController5.swift in Sources */ = {isa = PBXBuildFile; fileRef = 21E19C3528F2A9B700A68AEF /* ViewController5.swift */; };
		21E19C3728F2A9B700A68AEF /* ViewController5.swift in Sources */ = {isa = PBXBuildFile; fileRef = 21E19C3528F2A9B700A68AEF /* ViewController5.swift */; };
		21E19C3828F2A9B700A68AEF /* ViewController5.swift in Sources */ = {isa = PBXBuildFile; fileRef = 21E19C3528F2A9B700A68AEF /* ViewController5.swift */; };
		21E19C3A28F2A9C900A68AEF /* ViewController6.swift in Sources */ = {isa = PBXBuildFile; fileRef = 21E19C3928F2A9C900A68AEF /* ViewController6.swift */; };
		21E19C3B28F2A9C900A68AEF /* ViewController6.swift in Sources */ = {isa = PBXBuildFile; fileRef = 21E19C3928F2A9C900A68AEF /* ViewController6.swift */; };
		21E19C3C28F2A9C900A68AEF /* ViewController6.swift in Sources */ = {isa = PBXBuildFile; fileRef = 21E19C3928F2A9C900A68AEF /* ViewController6.swift */; };
		21E19C3E28F2A9D500A68AEF /* ViewController7.swift in Sources */ = {isa = PBXBuildFile; fileRef = 21E19C3D28F2A9D500A68AEF /* ViewController7.swift */; };
		21E19C3F28F2A9D500A68AEF /* ViewController7.swift in Sources */ = {isa = PBXBuildFile; fileRef = 21E19C3D28F2A9D500A68AEF /* ViewController7.swift */; };
		21E19C4028F2A9D500A68AEF /* ViewController7.swift in Sources */ = {isa = PBXBuildFile; fileRef = 21E19C3D28F2A9D500A68AEF /* ViewController7.swift */; };
		21E19C4228F2A9F500A68AEF /* ViewController8.swift in Sources */ = {isa = PBXBuildFile; fileRef = 21E19C4128F2A9F500A68AEF /* ViewController8.swift */; };
		21E19C4328F2A9F500A68AEF /* ViewController8.swift in Sources */ = {isa = PBXBuildFile; fileRef = 21E19C4128F2A9F500A68AEF /* ViewController8.swift */; };
		21E19C4428F2A9F500A68AEF /* ViewController8.swift in Sources */ = {isa = PBXBuildFile; fileRef = 21E19C4128F2A9F500A68AEF /* ViewController8.swift */; };
		21E19C4628F2AA0200A68AEF /* ViewController9.swift in Sources */ = {isa = PBXBuildFile; fileRef = 21E19C4528F2AA0200A68AEF /* ViewController9.swift */; };
		21E19C4728F2AA0200A68AEF /* ViewController9.swift in Sources */ = {isa = PBXBuildFile; fileRef = 21E19C4528F2AA0200A68AEF /* ViewController9.swift */; };
		21E19C4828F2AA0200A68AEF /* ViewController9.swift in Sources */ = {isa = PBXBuildFile; fileRef = 21E19C4528F2AA0200A68AEF /* ViewController9.swift */; };
/* End PBXBuildFile section */

/* Begin PBXContainerItemProxy section */
		21E19C0B28F00E2C00A68AEF /* PBXContainerItemProxy */ = {
			isa = PBXContainerItemProxy;
			containerPortal = 21E19BE928F00E2900A68AEF /* Project object */;
			proxyType = 1;
			remoteGlobalIDString = 21E19BF028F00E2900A68AEF;
			remoteInfo = TheStudentZoneApp_Fraine;
		};
		21E19C1528F00E2C00A68AEF /* PBXContainerItemProxy */ = {
			isa = PBXContainerItemProxy;
			containerPortal = 21E19BE928F00E2900A68AEF /* Project object */;
			proxyType = 1;
			remoteGlobalIDString = 21E19BF028F00E2900A68AEF;
			remoteInfo = TheStudentZoneApp_Fraine;
		};
/* End PBXContainerItemProxy section */

/* Begin PBXFileReference section */
		21791813293891B9006BB2E2 /* ViewController10.swift */ = {isa = PBXFileReference; lastKnownFileType = sourcecode.swift; path = ViewController10.swift; sourceTree = "<group>"; };
		21791815293891CD006BB2E2 /* ViewController11.swift */ = {isa = PBXFileReference; lastKnownFileType = sourcecode.swift; path = ViewController11.swift; sourceTree = "<group>"; };
		21791817293891E1006BB2E2 /* ViewController12.swift */ = {isa = PBXFileReference; lastKnownFileType = sourcecode.swift; path = ViewController12.swift; sourceTree = "<group>"; };
		2179181B293891F6006BB2E2 /* ViewController13.swift */ = {isa = PBXFileReference; lastKnownFileType = sourcecode.swift; path = ViewController13.swift; sourceTree = "<group>"; };
		2179181F29389206006BB2E2 /* ViewController14.swift */ = {isa = PBXFileReference; lastKnownFileType = sourcecode.swift; path = ViewController14.swift; sourceTree = "<group>"; };
		2179182329389217006BB2E2 /* ViewController15.swift */ = {isa = PBXFileReference; lastKnownFileType = sourcecode.swift; path = ViewController15.swift; sourceTree = "<group>"; };
		2179182729389227006BB2E2 /* ViewController16.swift */ = {isa = PBXFileReference; lastKnownFileType = sourcecode.swift; path = ViewController16.swift; sourceTree = "<group>"; };
		2179182B29389236006BB2E2 /* ViewController17.swift */ = {isa = PBXFileReference; lastKnownFileType = sourcecode.swift; path = ViewController17.swift; sourceTree = "<group>"; };
		2179182F29389246006BB2E2 /* ViewController18.swift */ = {isa = PBXFileReference; lastKnownFileType = sourcecode.swift; path = ViewController18.swift; sourceTree = "<group>"; };
		2179183329389256006BB2E2 /* ViewController19.swift */ = {isa = PBXFileReference; lastKnownFileType = sourcecode.swift; path = ViewController19.swift; sourceTree = "<group>"; };
		2179183729389269006BB2E2 /* ViewController20.swift */ = {isa = PBXFileReference; lastKnownFileType = sourcecode.swift; path = ViewController20.swift; sourceTree = "<group>"; };
		2179183B29389B00006BB2E2 /* ViewController21.swift */ = {isa = PBXFileReference; lastKnownFileType = sourcecode.swift; path = ViewController21.swift; sourceTree = "<group>"; };
		2179183F29389B17006BB2E2 /* ViewController22.swift */ = {isa = PBXFileReference; lastKnownFileType = sourcecode.swift; path = ViewController22.swift; sourceTree = "<group>"; };
		2179184329389B28006BB2E2 /* ViewController23.swift */ = {isa = PBXFileReference; lastKnownFileType = sourcecode.swift; path = ViewController23.swift; sourceTree = "<group>"; };
		2179184729389B39006BB2E2 /* ViewController24.swift */ = {isa = PBXFileReference; lastKnownFileType = sourcecode.swift; path = ViewController24.swift; sourceTree = "<group>"; };
		2179184B29389B4D006BB2E2 /* ViewController25.swift */ = {isa = PBXFileReference; lastKnownFileType = sourcecode.swift; path = ViewController25.swift; sourceTree = "<group>"; };
		2179184F29389B5D006BB2E2 /* ViewController26.swift */ = {isa = PBXFileReference; lastKnownFileType = sourcecode.swift; path = ViewController26.swift; sourceTree = "<group>"; };
		2179185329389B6E006BB2E2 /* ViewController27.swift */ = {isa = PBXFileReference; lastKnownFileType = sourcecode.swift; path = ViewController27.swift; sourceTree = "<group>"; };
		2179185729389B81006BB2E2 /* ViewController28.swift */ = {isa = PBXFileReference; lastKnownFileType = sourcecode.swift; path = ViewController28.swift; sourceTree = "<group>"; };
		2179185B29389B91006BB2E2 /* ViewController29.swift */ = {isa = PBXFileReference; lastKnownFileType = sourcecode.swift; path = ViewController29.swift; sourceTree = "<group>"; };
		2179185F29389BA6006BB2E2 /* ViewController30.swift */ = {isa = PBXFileReference; lastKnownFileType = sourcecode.swift; path = ViewController30.swift; sourceTree = "<group>"; };
		2179186729389DD3006BB2E2 /* ViewController31.swift */ = {isa = PBXFileReference; lastKnownFileType = sourcecode.swift; path = ViewController31.swift; sourceTree = "<group>"; };
		2179186B29389DF5006BB2E2 /* ViewController32.swift */ = {isa = PBXFileReference; lastKnownFileType = sourcecode.swift; path = ViewController32.swift; sourceTree = "<group>"; };
		2179186F29389E02006BB2E2 /* ViewController33.swift */ = {isa = PBXFileReference; lastKnownFileType = sourcecode.swift; path = ViewController33.swift; sourceTree = "<group>"; };
		2179187329389E11006BB2E2 /* ViewController34.swift */ = {isa = PBXFileReference; lastKnownFileType = sourcecode.swift; path = ViewController34.swift; sourceTree = "<group>"; };
		2179187729389E21006BB2E2 /* ViewController35.swift */ = {isa = PBXFileReference; lastKnownFileType = sourcecode.swift; path = ViewController35.swift; sourceTree = "<group>"; };
		2179187B29389E2E006BB2E2 /* ViewController36.swift */ = {isa = PBXFileReference; lastKnownFileType = sourcecode.swift; path = ViewController36.swift; sourceTree = "<group>"; };
		2179187F29389E3C006BB2E2 /* ViewController37.swift */ = {isa = PBXFileReference; lastKnownFileType = sourcecode.swift; path = ViewController37.swift; sourceTree = "<group>"; };
		2179188329389E4B006BB2E2 /* ViewController38.swift */ = {isa = PBXFileReference; lastKnownFileType = sourcecode.swift; path = ViewController38.swift; sourceTree = "<group>"; };
		2179188729389E6A006BB2E2 /* ViewController39.swift */ = {isa = PBXFileReference; lastKnownFileType = sourcecode.swift; path = ViewController39.swift; sourceTree = "<group>"; };
		2179188B29389E7D006BB2E2 /* ViewController40.swift */ = {isa = PBXFileReference; lastKnownFileType = sourcecode.swift; path = ViewController40.swift; sourceTree = "<group>"; };
		2179188F29389E8A006BB2E2 /* ViewController41.swift */ = {isa = PBXFileReference; lastKnownFileType = sourcecode.swift; path = ViewController41.swift; sourceTree = "<group>"; };
		217ACD0D293E9D7E00778FF7 /* ViewController31.swift */ = {isa = PBXFileReference; lastKnownFileType = sourcecode.swift; name = ViewController31.swift; path = TheStudentZoneApp_Fraine/ViewController31.swift; sourceTree = SOURCE_ROOT; };
		217ACD0F293E9E0B00778FF7 /* ViewController42.swift */ = {isa = PBXFileReference; lastKnownFileType = sourcecode.swift; path = ViewController42.swift; sourceTree = "<group>"; };
		217ACD13293E9E2700778FF7 /* ViewController43.swift */ = {isa = PBXFileReference; lastKnownFileType = sourcecode.swift; path = ViewController43.swift; sourceTree = "<group>"; };
		217ACD17293E9E3F00778FF7 /* ViewController44.swift */ = {isa = PBXFileReference; lastKnownFileType = sourcecode.swift; path = ViewController44.swift; sourceTree = "<group>"; };
		217ACD1B293E9E5200778FF7 /* ViewController45.swift */ = {isa = PBXFileReference; lastKnownFileType = sourcecode.swift; path = ViewController45.swift; sourceTree = "<group>"; };
		217ACD1F293E9E7000778FF7 /* ViewController46.swift */ = {isa = PBXFileReference; lastKnownFileType = sourcecode.swift; path = ViewController46.swift; sourceTree = "<group>"; };
		217ACD23293E9E9000778FF7 /* ViewController47.swift */ = {isa = PBXFileReference; lastKnownFileType = sourcecode.swift; path = ViewController47.swift; sourceTree = "<group>"; };
		217ACD27293E9EA500778FF7 /* ViewController48.swift */ = {isa = PBXFileReference; lastKnownFileType = sourcecode.swift; path = ViewController48.swift; sourceTree = "<group>"; };
		217ACD2B293E9EBB00778FF7 /* ViewController49.swift */ = {isa = PBXFileReference; lastKnownFileType = sourcecode.swift; path = ViewController49.swift; sourceTree = "<group>"; };
		217ACD2F293E9ED500778FF7 /* ViewController50.swift */ = {isa = PBXFileReference; lastKnownFileType = sourcecode.swift; path = ViewController50.swift; sourceTree = "<group>"; };
		217ACD33293E9EE900778FF7 /* ViewController51.swift */ = {isa = PBXFileReference; lastKnownFileType = sourcecode.swift; path = ViewController51.swift; sourceTree = "<group>"; };
		217ACD38293F3E5100778FF7 /* ViewController52.swift */ = {isa = PBXFileReference; lastKnownFileType = sourcecode.swift; path = ViewController52.swift; sourceTree = "<group>"; };
		217ACD3A293F3E6400778FF7 /* ViewController53.swift */ = {isa = PBXFileReference; lastKnownFileType = sourcecode.swift; path = ViewController53.swift; sourceTree = "<group>"; };
		217ACD3C293F3E7800778FF7 /* ViewController54.swift */ = {isa = PBXFileReference; lastKnownFileType = sourcecode.swift; path = ViewController54.swift; sourceTree = "<group>"; };
		217ACD3E293F3E9700778FF7 /* ViewController55.swift */ = {isa = PBXFileReference; lastKnownFileType = sourcecode.swift; path = ViewController55.swift; sourceTree = "<group>"; };
		217ACD40293F3EAA00778FF7 /* ViewController56.swift */ = {isa = PBXFileReference; lastKnownFileType = sourcecode.swift; path = ViewController56.swift; sourceTree = "<group>"; };
		217ACD42293F40CE00778FF7 /* ViewController57.swift */ = {isa = PBXFileReference; lastKnownFileType = sourcecode.swift; path = ViewController57.swift; sourceTree = "<group>"; };
		217ACD44293F4EDE00778FF7 /* ViewController59.swift */ = {isa = PBXFileReference; lastKnownFileType = sourcecode.swift; path = ViewController59.swift; sourceTree = "<group>"; };
		217ACD46293F505200778FF7 /* ViewController60.swift */ = {isa = PBXFileReference; lastKnownFileType = sourcecode.swift; path = ViewController60.swift; sourceTree = "<group>"; };
		21E19BF128F00E2900A68AEF /* TheStudentZoneApp_Fraine.app */ = {isa = PBXFileReference; explicitFileType = wrapper.application; includeInIndex = 0; path = TheStudentZoneApp_Fraine.app; sourceTree = BUILT_PRODUCTS_DIR; };
		21E19BF428F00E2900A68AEF /* AppDelegate.swift */ = {isa = PBXFileReference; lastKnownFileType = sourcecode.swift; path = AppDelegate.swift; sourceTree = "<group>"; };
		21E19BF628F00E2900A68AEF /* SceneDelegate.swift */ = {isa = PBXFileReference; lastKnownFileType = sourcecode.swift; path = SceneDelegate.swift; sourceTree = "<group>"; };
		21E19BF828F00E2900A68AEF /* ViewController.swift */ = {isa = PBXFileReference; lastKnownFileType = sourcecode.swift; path = ViewController.swift; sourceTree = "<group>"; };
		21E19BFB28F00E2900A68AEF /* Base */ = {isa = PBXFileReference; lastKnownFileType = file.storyboard; name = Base; path = Base.lproj/Main.storyboard; sourceTree = "<group>"; };
		21E19BFE28F00E2900A68AEF /* TheStudentZoneApp_Fraine.xcdatamodel */ = {isa = PBXFileReference; lastKnownFileType = wrapper.xcdatamodel; path = TheStudentZoneApp_Fraine.xcdatamodel; sourceTree = "<group>"; };
		21E19C0028F00E2C00A68AEF /* Assets.xcassets */ = {isa = PBXFileReference; lastKnownFileType = folder.assetcatalog; path = Assets.xcassets; sourceTree = "<group>"; };
		21E19C0328F00E2C00A68AEF /* Base */ = {isa = PBXFileReference; lastKnownFileType = file.storyboard; name = Base; path = Base.lproj/LaunchScreen.storyboard; sourceTree = "<group>"; };
		21E19C0528F00E2C00A68AEF /* Info.plist */ = {isa = PBXFileReference; lastKnownFileType = text.plist.xml; path = Info.plist; sourceTree = "<group>"; };
		21E19C0A28F00E2C00A68AEF /* TheStudentZoneApp_FraineTests.xctest */ = {isa = PBXFileReference; explicitFileType = wrapper.cfbundle; includeInIndex = 0; path = TheStudentZoneApp_FraineTests.xctest; sourceTree = BUILT_PRODUCTS_DIR; };
		21E19C0E28F00E2C00A68AEF /* TheStudentZoneApp_FraineTests.swift */ = {isa = PBXFileReference; lastKnownFileType = sourcecode.swift; path = TheStudentZoneApp_FraineTests.swift; sourceTree = "<group>"; };
		21E19C1428F00E2C00A68AEF /* TheStudentZoneApp_FraineUITests.xctest */ = {isa = PBXFileReference; explicitFileType = wrapper.cfbundle; includeInIndex = 0; path = TheStudentZoneApp_FraineUITests.xctest; sourceTree = BUILT_PRODUCTS_DIR; };
		21E19C1828F00E2C00A68AEF /* TheStudentZoneApp_FraineUITests.swift */ = {isa = PBXFileReference; lastKnownFileType = sourcecode.swift; path = TheStudentZoneApp_FraineUITests.swift; sourceTree = "<group>"; };
		21E19C1A28F00E2C00A68AEF /* TheStudentZoneApp_FraineUITestsLaunchTests.swift */ = {isa = PBXFileReference; lastKnownFileType = sourcecode.swift; path = TheStudentZoneApp_FraineUITestsLaunchTests.swift; sourceTree = "<group>"; };
		21E19C2728F2A93700A68AEF /* Viewcontroller1.swift */ = {isa = PBXFileReference; lastKnownFileType = sourcecode.swift; path = Viewcontroller1.swift; sourceTree = "<group>"; };
		21E19C2928F2A94D00A68AEF /* ViewController2.swift */ = {isa = PBXFileReference; lastKnownFileType = sourcecode.swift; path = ViewController2.swift; sourceTree = "<group>"; };
		21E19C2D28F2A95900A68AEF /* ViewController3.swift */ = {isa = PBXFileReference; lastKnownFileType = sourcecode.swift; path = ViewController3.swift; sourceTree = "<group>"; };
		21E19C3128F2A96500A68AEF /* ViewController4.swift */ = {isa = PBXFileReference; lastKnownFileType = sourcecode.swift; path = ViewController4.swift; sourceTree = "<group>"; };
		21E19C3528F2A9B700A68AEF /* ViewController5.swift */ = {isa = PBXFileReference; lastKnownFileType = sourcecode.swift; path = ViewController5.swift; sourceTree = "<group>"; };
		21E19C3928F2A9C900A68AEF /* ViewController6.swift */ = {isa = PBXFileReference; lastKnownFileType = sourcecode.swift; path = ViewController6.swift; sourceTree = "<group>"; };
		21E19C3D28F2A9D500A68AEF /* ViewController7.swift */ = {isa = PBXFileReference; lastKnownFileType = sourcecode.swift; path = ViewController7.swift; sourceTree = "<group>"; };
		21E19C4128F2A9F500A68AEF /* ViewController8.swift */ = {isa = PBXFileReference; lastKnownFileType = sourcecode.swift; path = ViewController8.swift; sourceTree = "<group>"; };
		21E19C4528F2AA0200A68AEF /* ViewController9.swift */ = {isa = PBXFileReference; lastKnownFileType = sourcecode.swift; path = ViewController9.swift; sourceTree = "<group>"; };
/* End PBXFileReference section */

/* Begin PBXFrameworksBuildPhase section */
		21E19BEE28F00E2900A68AEF /* Frameworks */ = {
			isa = PBXFrameworksBuildPhase;
			buildActionMask = 2147483647;
			files = (
			);
			runOnlyForDeploymentPostprocessing = 0;
		};
		21E19C0728F00E2C00A68AEF /* Frameworks */ = {
			isa = PBXFrameworksBuildPhase;
			buildActionMask = 2147483647;
			files = (
			);
			runOnlyForDeploymentPostprocessing = 0;
		};
		21E19C1128F00E2C00A68AEF /* Frameworks */ = {
			isa = PBXFrameworksBuildPhase;
			buildActionMask = 2147483647;
			files = (
			);
			runOnlyForDeploymentPostprocessing = 0;
		};
/* End PBXFrameworksBuildPhase section */

/* Begin PBXGroup section */
		2179186429389C00006BB2E2 /* Nviews1-10oup */ = {
			isa = PBXGroup;
			children = (
				21E19BF828F00E2900A68AEF /* ViewController.swift */,
				21E19C2728F2A93700A68AEF /* Viewcontroller1.swift */,
				21E19C2928F2A94D00A68AEF /* ViewController2.swift */,
				21E19C2D28F2A95900A68AEF /* ViewController3.swift */,
				21E19C3528F2A9B700A68AEF /* ViewController5.swift */,
				21E19C3128F2A96500A68AEF /* ViewController4.swift */,
				21E19C3928F2A9C900A68AEF /* ViewController6.swift */,
				21E19C3D28F2A9D500A68AEF /* ViewController7.swift */,
				21E19C4128F2A9F500A68AEF /* ViewController8.swift */,
				21E19C4528F2AA0200A68AEF /* ViewController9.swift */,
				21791813293891B9006BB2E2 /* ViewController10.swift */,
			);
			path = "Nviews1-10oup";
			sourceTree = "<group>";
		};
		2179186529389C4D006BB2E2 /* VViews11-20 */ = {
			isa = PBXGroup;
			children = (
				21791815293891CD006BB2E2 /* ViewController11.swift */,
				21791817293891E1006BB2E2 /* ViewController12.swift */,
				2179181B293891F6006BB2E2 /* ViewController13.swift */,
				2179181F29389206006BB2E2 /* ViewController14.swift */,
				2179182329389217006BB2E2 /* ViewController15.swift */,
				2179182729389227006BB2E2 /* ViewController16.swift */,
				2179182B29389236006BB2E2 /* ViewController17.swift */,
				2179182F29389246006BB2E2 /* ViewController18.swift */,
				2179183329389256006BB2E2 /* ViewController19.swift */,
				2179183729389269006BB2E2 /* ViewController20.swift */,
			);
			path = "VViews11-20";
			sourceTree = "<group>";
		};
		2179186629389DA0006BB2E2 /* Views21-30 */ = {
			isa = PBXGroup;
			children = (
				2179189329389EBE006BB2E2 /* View31-40 */,
				2179183B29389B00006BB2E2 /* ViewController21.swift */,
				2179183F29389B17006BB2E2 /* ViewController22.swift */,
				2179184329389B28006BB2E2 /* ViewController23.swift */,
				2179184729389B39006BB2E2 /* ViewController24.swift */,
				2179184B29389B4D006BB2E2 /* ViewController25.swift */,
				2179184F29389B5D006BB2E2 /* ViewController26.swift */,
				2179185329389B6E006BB2E2 /* ViewController27.swift */,
				2179185729389B81006BB2E2 /* ViewController28.swift */,
				2179185B29389B91006BB2E2 /* ViewController29.swift */,
				2179185F29389BA6006BB2E2 /* ViewController30.swift */,
				217ACD0D293E9D7E00778FF7 /* ViewController31.swift */,
				217ACD37293E9EFC00778FF7 /* views41-50 */,
			);
			path = "Views21-30";
			sourceTree = "<group>";
		};
		2179189329389EBE006BB2E2 /* View31-40 */ = {
			isa = PBXGroup;
			children = (
				2179186729389DD3006BB2E2 /* ViewController31.swift */,
				2179186B29389DF5006BB2E2 /* ViewController32.swift */,
				2179186F29389E02006BB2E2 /* ViewController33.swift */,
				2179187329389E11006BB2E2 /* ViewController34.swift */,
				2179187729389E21006BB2E2 /* ViewController35.swift */,
				2179187B29389E2E006BB2E2 /* ViewController36.swift */,
				2179187F29389E3C006BB2E2 /* ViewController37.swift */,
				2179188329389E4B006BB2E2 /* ViewController38.swift */,
				2179188729389E6A006BB2E2 /* ViewController39.swift */,
				2179188B29389E7D006BB2E2 /* ViewController40.swift */,
			);
			path = "View31-40";
			sourceTree = "<group>";
		};
		217ACD37293E9EFC00778FF7 /* views41-50 */ = {
			isa = PBXGroup;
			children = (
				2179188F29389E8A006BB2E2 /* ViewController41.swift */,
				217ACD0F293E9E0B00778FF7 /* ViewController42.swift */,
				217ACD13293E9E2700778FF7 /* ViewController43.swift */,
				217ACD17293E9E3F00778FF7 /* ViewController44.swift */,
				217ACD1B293E9E5200778FF7 /* ViewController45.swift */,
				217ACD1F293E9E7000778FF7 /* ViewController46.swift */,
				217ACD23293E9E9000778FF7 /* ViewController47.swift */,
				217ACD27293E9EA500778FF7 /* ViewController48.swift */,
				217ACD2B293E9EBB00778FF7 /* ViewController49.swift */,
				217ACD2F293E9ED500778FF7 /* ViewController50.swift */,
			);
			path = "views41-50";
			sourceTree = "<group>";
		};
		21E19BE828F00E2900A68AEF = {
			isa = PBXGroup;
			children = (
				21E19BF328F00E2900A68AEF /* TheStudentZoneApp_Fraine */,
				21E19C0D28F00E2C00A68AEF /* TheStudentZoneApp_FraineTests */,
				21E19C1728F00E2C00A68AEF /* TheStudentZoneApp_FraineUITests */,
				21E19BF228F00E2900A68AEF /* Products */,
			);
			sourceTree = "<group>";
		};
		21E19BF228F00E2900A68AEF /* Products */ = {
			isa = PBXGroup;
			children = (
				21E19BF128F00E2900A68AEF /* TheStudentZoneApp_Fraine.app */,
				21E19C0A28F00E2C00A68AEF /* TheStudentZoneApp_FraineTests.xctest */,
				21E19C1428F00E2C00A68AEF /* TheStudentZoneApp_FraineUITests.xctest */,
			);
			name = Products;
			sourceTree = "<group>";
		};
		21E19BF328F00E2900A68AEF /* TheStudentZoneApp_Fraine */ = {
			isa = PBXGroup;
			children = (
				21E19BF428F00E2900A68AEF /* AppDelegate.swift */,
				21E19BF628F00E2900A68AEF /* SceneDelegate.swift */,
				217ACD33293E9EE900778FF7 /* ViewController51.swift */,
				217ACD38293F3E5100778FF7 /* ViewController52.swift */,
				217ACD3A293F3E6400778FF7 /* ViewController53.swift */,
				217ACD3C293F3E7800778FF7 /* ViewController54.swift */,
				217ACD3E293F3E9700778FF7 /* ViewController55.swift */,
				217ACD40293F3EAA00778FF7 /* ViewController56.swift */,
				217ACD42293F40CE00778FF7 /* ViewController57.swift */,
				217ACD46293F505200778FF7 /* ViewController60.swift */,
				217ACD44293F4EDE00778FF7 /* ViewController59.swift */,
				2179186429389C00006BB2E2 /* Nviews1-10oup */,
				2179186529389C4D006BB2E2 /* VViews11-20 */,
				2179186629389DA0006BB2E2 /* Views21-30 */,
				21E19BFA28F00E2900A68AEF /* Main.storyboard */,
				21E19C0228F00E2C00A68AEF /* LaunchScreen.storyboard */,
				21E19C0528F00E2C00A68AEF /* Info.plist */,
				21E19C0028F00E2C00A68AEF /* Assets.xcassets */,
				21E19BFD28F00E2900A68AEF /* TheStudentZoneApp_Fraine.xcdatamodeld */,
			);
			path = TheStudentZoneApp_Fraine;
			sourceTree = "<group>";
		};
		21E19C0D28F00E2C00A68AEF /* TheStudentZoneApp_FraineTests */ = {
			isa = PBXGroup;
			children = (
				21E19C0E28F00E2C00A68AEF /* TheStudentZoneApp_FraineTests.swift */,
			);
			path = TheStudentZoneApp_FraineTests;
			sourceTree = "<group>";
		};
		21E19C1728F00E2C00A68AEF /* TheStudentZoneApp_FraineUITests */ = {
			isa = PBXGroup;
			children = (
				21E19C1828F00E2C00A68AEF /* TheStudentZoneApp_FraineUITests.swift */,
				21E19C1A28F00E2C00A68AEF /* TheStudentZoneApp_FraineUITestsLaunchTests.swift */,
			);
			path = TheStudentZoneApp_FraineUITests;
			sourceTree = "<group>";
		};
/* End PBXGroup section */

/* Begin PBXNativeTarget section */
		21E19BF028F00E2900A68AEF /* TheStudentZoneApp_Fraine */ = {
			isa = PBXNativeTarget;
			buildConfigurationList = 21E19C1E28F00E2C00A68AEF /* Build configuration list for PBXNativeTarget "TheStudentZoneApp_Fraine" */;
			buildPhases = (
				21E19BED28F00E2900A68AEF /* Sources */,
				21E19BEE28F00E2900A68AEF /* Frameworks */,
				21E19BEF28F00E2900A68AEF /* Resources */,
			);
			buildRules = (
			);
			dependencies = (
			);
			name = TheStudentZoneApp_Fraine;
			productName = TheStudentZoneApp_Fraine;
			productReference = 21E19BF128F00E2900A68AEF /* TheStudentZoneApp_Fraine.app */;
			productType = "com.apple.product-type.application";
		};
		21E19C0928F00E2C00A68AEF /* TheStudentZoneApp_FraineTests */ = {
			isa = PBXNativeTarget;
			buildConfigurationList = 21E19C2128F00E2C00A68AEF /* Build configuration list for PBXNativeTarget "TheStudentZoneApp_FraineTests" */;
			buildPhases = (
				21E19C0628F00E2C00A68AEF /* Sources */,
				21E19C0728F00E2C00A68AEF /* Frameworks */,
				21E19C0828F00E2C00A68AEF /* Resources */,
			);
			buildRules = (
			);
			dependencies = (
				21E19C0C28F00E2C00A68AEF /* PBXTargetDependency */,
			);
			name = TheStudentZoneApp_FraineTests;
			productName = TheStudentZoneApp_FraineTests;
			productReference = 21E19C0A28F00E2C00A68AEF /* TheStudentZoneApp_FraineTests.xctest */;
			productType = "com.apple.product-type.bundle.unit-test";
		};
		21E19C1328F00E2C00A68AEF /* TheStudentZoneApp_FraineUITests */ = {
			isa = PBXNativeTarget;
			buildConfigurationList = 21E19C2428F00E2C00A68AEF /* Build configuration list for PBXNativeTarget "TheStudentZoneApp_FraineUITests" */;
			buildPhases = (
				21E19C1028F00E2C00A68AEF /* Sources */,
				21E19C1128F00E2C00A68AEF /* Frameworks */,
				21E19C1228F00E2C00A68AEF /* Resources */,
			);
			buildRules = (
			);
			dependencies = (
				21E19C1628F00E2C00A68AEF /* PBXTargetDependency */,
			);
			name = TheStudentZoneApp_FraineUITests;
			productName = TheStudentZoneApp_FraineUITests;
			productReference = 21E19C1428F00E2C00A68AEF /* TheStudentZoneApp_FraineUITests.xctest */;
			productType = "com.apple.product-type.bundle.ui-testing";
		};
/* End PBXNativeTarget section */

/* Begin PBXProject section */
		21E19BE928F00E2900A68AEF /* Project object */ = {
			isa = PBXProject;
			attributes = {
				BuildIndependentTargetsInParallel = 1;
				LastSwiftUpdateCheck = 1330;
				LastUpgradeCheck = 1330;
				TargetAttributes = {
					21E19BF028F00E2900A68AEF = {
						CreatedOnToolsVersion = 13.3;
					};
					21E19C0928F00E2C00A68AEF = {
						CreatedOnToolsVersion = 13.3;
						TestTargetID = 21E19BF028F00E2900A68AEF;
					};
					21E19C1328F00E2C00A68AEF = {
						CreatedOnToolsVersion = 13.3;
						TestTargetID = 21E19BF028F00E2900A68AEF;
					};
				};
			};
			buildConfigurationList = 21E19BEC28F00E2900A68AEF /* Build configuration list for PBXProject "TheStudentZoneApp_Fraine" */;
			compatibilityVersion = "Xcode 13.0";
			developmentRegion = en;
			hasScannedForEncodings = 0;
			knownRegions = (
				en,
				Base,
			);
			mainGroup = 21E19BE828F00E2900A68AEF;
			productRefGroup = 21E19BF228F00E2900A68AEF /* Products */;
			projectDirPath = "";
			projectRoot = "";
			targets = (
				21E19BF028F00E2900A68AEF /* TheStudentZoneApp_Fraine */,
				21E19C0928F00E2C00A68AEF /* TheStudentZoneApp_FraineTests */,
				21E19C1328F00E2C00A68AEF /* TheStudentZoneApp_FraineUITests */,
			);
		};
/* End PBXProject section */

/* Begin PBXResourcesBuildPhase section */
		21E19BEF28F00E2900A68AEF /* Resources */ = {
			isa = PBXResourcesBuildPhase;
			buildActionMask = 2147483647;
			files = (
				21E19C0428F00E2C00A68AEF /* LaunchScreen.storyboard in Resources */,
				21E19C0128F00E2C00A68AEF /* Assets.xcassets in Resources */,
				21E19BFC28F00E2900A68AEF /* Main.storyboard in Resources */,
			);
			runOnlyForDeploymentPostprocessing = 0;
		};
		21E19C0828F00E2C00A68AEF /* Resources */ = {
			isa = PBXResourcesBuildPhase;
			buildActionMask = 2147483647;
			files = (
			);
			runOnlyForDeploymentPostprocessing = 0;
		};
		21E19C1228F00E2C00A68AEF /* Resources */ = {
			isa = PBXResourcesBuildPhase;
			buildActionMask = 2147483647;
			files = (
			);
			runOnlyForDeploymentPostprocessing = 0;
		};
/* End PBXResourcesBuildPhase section */

/* Begin PBXSourcesBuildPhase section */
		21E19BED28F00E2900A68AEF /* Sources */ = {
			isa = PBXSourcesBuildPhase;
			buildActionMask = 2147483647;
			files = (
				2179183429389256006BB2E2 /* ViewController19.swift in Sources */,
				217ACD45293F4EDE00778FF7 /* ViewController59.swift in Sources */,
				21E19BF928F00E2900A68AEF /* ViewController.swift in Sources */,
				21791814293891B9006BB2E2 /* ViewController10.swift in Sources */,
				217ACD41293F3EAA00778FF7 /* ViewController56.swift in Sources */,
				2179189029389E8A006BB2E2 /* ViewController41.swift in Sources */,
				217ACD0E293E9D7E00778FF7 /* ViewController31.swift in Sources */,
				2179185C29389B91006BB2E2 /* ViewController29.swift in Sources */,
				21E19BF528F00E2900A68AEF /* AppDelegate.swift in Sources */,
				217ACD20293E9E7000778FF7 /* ViewController46.swift in Sources */,
				217ACD14293E9E2700778FF7 /* ViewController43.swift in Sources */,
				2179186C29389DF5006BB2E2 /* ViewController32.swift in Sources */,
				2179184029389B17006BB2E2 /* ViewController22.swift in Sources */,
				21791818293891E1006BB2E2 /* ViewController12.swift in Sources */,
				217ACD39293F3E5100778FF7 /* ViewController52.swift in Sources */,
				2179187829389E21006BB2E2 /* ViewController35.swift in Sources */,
				2179187C29389E2E006BB2E2 /* ViewController36.swift in Sources */,
				217ACD10293E9E0B00778FF7 /* ViewController42.swift in Sources */,
				21E19BFF28F00E2900A68AEF /* TheStudentZoneApp_Fraine.xcdatamodeld in Sources */,
				217ACD28293E9EA500778FF7 /* ViewController48.swift in Sources */,
				2179184C29389B4D006BB2E2 /* ViewController25.swift in Sources */,
				2179186829389DD3006BB2E2 /* ViewController31.swift in Sources */,
				217ACD47293F505200778FF7 /* ViewController60.swift in Sources */,
				217ACD2C293E9EBB00778FF7 /* ViewController49.swift in Sources */,
				2179182429389217006BB2E2 /* ViewController15.swift in Sources */,
				21E19C3A28F2A9C900A68AEF /* ViewController6.swift in Sources */,
				217ACD34293E9EE900778FF7 /* ViewController51.swift in Sources */,
				217ACD3D293F3E7800778FF7 /* ViewController54.swift in Sources */,
				217ACD43293F40CE00778FF7 /* ViewController57.swift in Sources */,
				21791816293891CD006BB2E2 /* ViewController11.swift in Sources */,
				2179182C29389236006BB2E2 /* ViewController17.swift in Sources */,
				21E19C3228F2A96500A68AEF /* ViewController4.swift in Sources */,
				21E19C3628F2A9B700A68AEF /* ViewController5.swift in Sources */,
				21E19BF728F00E2900A68AEF /* SceneDelegate.swift in Sources */,
				217ACD18293E9E3F00778FF7 /* ViewController44.swift in Sources */,
				2179188C29389E7D006BB2E2 /* ViewController40.swift in Sources */,
				21E19C3E28F2A9D500A68AEF /* ViewController7.swift in Sources */,
				2179187429389E11006BB2E2 /* ViewController34.swift in Sources */,
				2179183C29389B00006BB2E2 /* ViewController21.swift in Sources */,
				2179188429389E4C006BB2E2 /* ViewController38.swift in Sources */,
				2179182029389206006BB2E2 /* ViewController14.swift in Sources */,
				2179185429389B6E006BB2E2 /* ViewController27.swift in Sources */,
				21E19C2828F2A93700A68AEF /* Viewcontroller1.swift in Sources */,
				2179184829389B39006BB2E2 /* ViewController24.swift in Sources */,
				2179188029389E3C006BB2E2 /* ViewController37.swift in Sources */,
				2179184429389B28006BB2E2 /* ViewController23.swift in Sources */,
				217ACD30293E9ED500778FF7 /* ViewController50.swift in Sources */,
				21E19C2E28F2A95900A68AEF /* ViewController3.swift in Sources */,
				2179182829389227006BB2E2 /* ViewController16.swift in Sources */,
				2179183829389269006BB2E2 /* ViewController20.swift in Sources */,
				217ACD1C293E9E5200778FF7 /* ViewController45.swift in Sources */,
				2179185029389B5D006BB2E2 /* ViewController26.swift in Sources */,
				2179187029389E02006BB2E2 /* ViewController33.swift in Sources */,
				2179185829389B81006BB2E2 /* ViewController28.swift in Sources */,
				21E19C4628F2AA0200A68AEF /* ViewController9.swift in Sources */,
				21E19C2A28F2A94D00A68AEF /* ViewController2.swift in Sources */,
				2179183029389246006BB2E2 /* ViewController18.swift in Sources */,
				217ACD3B293F3E6400778FF7 /* ViewController53.swift in Sources */,
				217ACD3F293F3E9700778FF7 /* ViewController55.swift in Sources */,
				217ACD24293E9E9000778FF7 /* ViewController47.swift in Sources */,
				2179186029389BA6006BB2E2 /* ViewController30.swift in Sources */,
				2179188829389E6A006BB2E2 /* ViewController39.swift in Sources */,
				2179181C293891F6006BB2E2 /* ViewController13.swift in Sources */,
				21E19C4228F2A9F500A68AEF /* ViewController8.swift in Sources */,
			);
			runOnlyForDeploymentPostprocessing = 0;
		};
		21E19C0628F00E2C00A68AEF /* Sources */ = {
			isa = PBXSourcesBuildPhase;
			buildActionMask = 2147483647;
			files = (
				217ACD29293E9EA500778FF7 /* ViewController48.swift in Sources */,
				217ACD19293E9E3F00778FF7 /* ViewController44.swift in Sources */,
				217ACD1D293E9E5200778FF7 /* ViewController45.swift in Sources */,
				2179185129389B5D006BB2E2 /* ViewController26.swift in Sources */,
				2179183529389256006BB2E2 /* ViewController19.swift in Sources */,
				2179188529389E4C006BB2E2 /* ViewController38.swift in Sources */,
				2179188D29389E7D006BB2E2 /* ViewController40.swift in Sources */,
				217ACD15293E9E2700778FF7 /* ViewController43.swift in Sources */,
				21E19C3F28F2A9D500A68AEF /* ViewController7.swift in Sources */,
				2179185D29389B91006BB2E2 /* ViewController29.swift in Sources */,
				217ACD2D293E9EBB00778FF7 /* ViewController49.swift in Sources */,
				2179187529389E11006BB2E2 /* ViewController34.swift in Sources */,
				21E19C0F28F00E2C00A68AEF /* TheStudentZoneApp_FraineTests.swift in Sources */,
				2179186D29389DF5006BB2E2 /* ViewController32.swift in Sources */,
				21E19C2B28F2A94D00A68AEF /* ViewController2.swift in Sources */,
				21E19C2F28F2A95900A68AEF /* ViewController3.swift in Sources */,
				2179186129389BA6006BB2E2 /* ViewController30.swift in Sources */,
				2179181D293891F6006BB2E2 /* ViewController13.swift in Sources */,
				2179183D29389B00006BB2E2 /* ViewController21.swift in Sources */,
				2179182129389206006BB2E2 /* ViewController14.swift in Sources */,
				2179187D29389E2E006BB2E2 /* ViewController36.swift in Sources */,
				2179184129389B17006BB2E2 /* ViewController22.swift in Sources */,
				217ACD35293E9EE900778FF7 /* ViewController51.swift in Sources */,
				2179185929389B81006BB2E2 /* ViewController28.swift in Sources */,
				2179184529389B28006BB2E2 /* ViewController23.swift in Sources */,
				2179184929389B39006BB2E2 /* ViewController24.swift in Sources */,
				21E19C3B28F2A9C900A68AEF /* ViewController6.swift in Sources */,
				21E19C3328F2A96500A68AEF /* ViewController4.swift in Sources */,
				21E19C3728F2A9B700A68AEF /* ViewController5.swift in Sources */,
				2179183129389246006BB2E2 /* ViewController18.swift in Sources */,
				217ACD11293E9E0B00778FF7 /* ViewController42.swift in Sources */,
				217ACD21293E9E7000778FF7 /* ViewController46.swift in Sources */,
				2179188129389E3C006BB2E2 /* ViewController37.swift in Sources */,
				2179182529389217006BB2E2 /* ViewController15.swift in Sources */,
				2179183929389269006BB2E2 /* ViewController20.swift in Sources */,
				2179187129389E02006BB2E2 /* ViewController33.swift in Sources */,
				2179187929389E21006BB2E2 /* ViewController35.swift in Sources */,
				2179188929389E6A006BB2E2 /* ViewController39.swift in Sources */,
				2179185529389B6E006BB2E2 /* ViewController27.swift in Sources */,
				21E19C4328F2A9F500A68AEF /* ViewController8.swift in Sources */,
				21E19C4728F2AA0200A68AEF /* ViewController9.swift in Sources */,
				21791819293891E1006BB2E2 /* ViewController12.swift in Sources */,
				2179182929389227006BB2E2 /* ViewController16.swift in Sources */,
				217ACD25293E9E9000778FF7 /* ViewController47.swift in Sources */,
				217ACD31293E9ED500778FF7 /* ViewController50.swift in Sources */,
				2179182D29389236006BB2E2 /* ViewController17.swift in Sources */,
				2179184D29389B4D006BB2E2 /* ViewController25.swift in Sources */,
			);
			runOnlyForDeploymentPostprocessing = 0;
		};
		21E19C1028F00E2C00A68AEF /* Sources */ = {
			isa = PBXSourcesBuildPhase;
			buildActionMask = 2147483647;
			files = (
				2179182A29389227006BB2E2 /* ViewController16.swift in Sources */,
				2179185A29389B81006BB2E2 /* ViewController28.swift in Sources */,
				2179181E293891F6006BB2E2 /* ViewController13.swift in Sources */,
				21E19C1928F00E2C00A68AEF /* TheStudentZoneApp_FraineUITests.swift in Sources */,
				2179181A293891E1006BB2E2 /* ViewController12.swift in Sources */,
				217ACD1E293E9E5200778FF7 /* ViewController45.swift in Sources */,
				2179183A29389269006BB2E2 /* ViewController20.swift in Sources */,
				21E19C1B28F00E2C00A68AEF /* TheStudentZoneApp_FraineUITestsLaunchTests.swift in Sources */,
				2179185E29389B91006BB2E2 /* ViewController29.swift in Sources */,
				217ACD32293E9ED500778FF7 /* ViewController50.swift in Sources */,
				2179182629389217006BB2E2 /* ViewController15.swift in Sources */,
				2179184E29389B4D006BB2E2 /* ViewController25.swift in Sources */,
				2179188A29389E6A006BB2E2 /* ViewController39.swift in Sources */,
				2179184629389B28006BB2E2 /* ViewController23.swift in Sources */,
				2179185629389B6E006BB2E2 /* ViewController27.swift in Sources */,
				2179185229389B5D006BB2E2 /* ViewController26.swift in Sources */,
				2179184229389B17006BB2E2 /* ViewController22.swift in Sources */,
				217ACD1A293E9E3F00778FF7 /* ViewController44.swift in Sources */,
				217ACD2E293E9EBB00778FF7 /* ViewController49.swift in Sources */,
				21E19C4828F2AA0200A68AEF /* ViewController9.swift in Sources */,
				21E19C3C28F2A9C900A68AEF /* ViewController6.swift in Sources */,
				217ACD26293E9E9000778FF7 /* ViewController47.swift in Sources */,
				217ACD36293E9EE900778FF7 /* ViewController51.swift in Sources */,
				2179182E29389236006BB2E2 /* ViewController17.swift in Sources */,
				21E19C3028F2A95900A68AEF /* ViewController3.swift in Sources */,
				21E19C2C28F2A94D00A68AEF /* ViewController2.swift in Sources */,
				2179188E29389E7D006BB2E2 /* ViewController40.swift in Sources */,
				217ACD22293E9E7000778FF7 /* ViewController46.swift in Sources */,
				2179187229389E02006BB2E2 /* ViewController33.swift in Sources */,
				217ACD2A293E9EA500778FF7 /* ViewController48.swift in Sources */,
				2179183229389246006BB2E2 /* ViewController18.swift in Sources */,
				2179183629389256006BB2E2 /* ViewController19.swift in Sources */,
				2179182229389206006BB2E2 /* ViewController14.swift in Sources */,
				2179187629389E11006BB2E2 /* ViewController34.swift in Sources */,
				2179184A29389B39006BB2E2 /* ViewController24.swift in Sources */,
				2179186E29389DF5006BB2E2 /* ViewController32.swift in Sources */,
				21E19C3828F2A9B700A68AEF /* ViewController5.swift in Sources */,
				217ACD12293E9E0B00778FF7 /* ViewController42.swift in Sources */,
				21E19C4028F2A9D500A68AEF /* ViewController7.swift in Sources */,
				217ACD16293E9E2700778FF7 /* ViewController43.swift in Sources */,
				2179188229389E3C006BB2E2 /* ViewController37.swift in Sources */,
				2179186229389BA6006BB2E2 /* ViewController30.swift in Sources */,
				21E19C3428F2A96500A68AEF /* ViewController4.swift in Sources */,
				21E19C4428F2A9F500A68AEF /* ViewController8.swift in Sources */,
				2179183E29389B00006BB2E2 /* ViewController21.swift in Sources */,
				2179187A29389E21006BB2E2 /* ViewController35.swift in Sources */,
				2179187E29389E2E006BB2E2 /* ViewController36.swift in Sources */,
				2179188629389E4C006BB2E2 /* ViewController38.swift in Sources */,
			);
			runOnlyForDeploymentPostprocessing = 0;
		};
/* End PBXSourcesBuildPhase section */

/* Begin PBXTargetDependency section */
		21E19C0C28F00E2C00A68AEF /* PBXTargetDependency */ = {
			isa = PBXTargetDependency;
			target = 21E19BF028F00E2900A68AEF /* TheStudentZoneApp_Fraine */;
			targetProxy = 21E19C0B28F00E2C00A68AEF /* PBXContainerItemProxy */;
		};
		21E19C1628F00E2C00A68AEF /* PBXTargetDependency */ = {
			isa = PBXTargetDependency;
			target = 21E19BF028F00E2900A68AEF /* TheStudentZoneApp_Fraine */;
			targetProxy = 21E19C1528F00E2C00A68AEF /* PBXContainerItemProxy */;
		};
/* End PBXTargetDependency section */

/* Begin PBXVariantGroup section */
		21E19BFA28F00E2900A68AEF /* Main.storyboard */ = {
			isa = PBXVariantGroup;
			children = (
				21E19BFB28F00E2900A68AEF /* Base */,
			);
			name = Main.storyboard;
			sourceTree = "<group>";
		};
		21E19C0228F00E2C00A68AEF /* LaunchScreen.storyboard */ = {
			isa = PBXVariantGroup;
			children = (
				21E19C0328F00E2C00A68AEF /* Base */,
			);
			name = LaunchScreen.storyboard;
			sourceTree = "<group>";
		};
/* End PBXVariantGroup section */

/* Begin XCBuildConfiguration section */
		21E19C1C28F00E2C00A68AEF /* Debug */ = {
			isa = XCBuildConfiguration;
			buildSettings = {
				ALWAYS_SEARCH_USER_PATHS = NO;
				CLANG_ANALYZER_NONNULL = YES;
				CLANG_ANALYZER_NUMBER_OBJECT_CONVERSION = YES_AGGRESSIVE;
				CLANG_CXX_LANGUAGE_STANDARD = "gnu++17";
				CLANG_ENABLE_MODULES = YES;
				CLANG_ENABLE_OBJC_ARC = YES;
				CLANG_ENABLE_OBJC_WEAK = YES;
				CLANG_WARN_BLOCK_CAPTURE_AUTORELEASING = YES;
				CLANG_WARN_BOOL_CONVERSION = YES;
				CLANG_WARN_COMMA = YES;
				CLANG_WARN_CONSTANT_CONVERSION = YES;
				CLANG_WARN_DEPRECATED_OBJC_IMPLEMENTATIONS = YES;
				CLANG_WARN_DIRECT_OBJC_ISA_USAGE = YES_ERROR;
				CLANG_WARN_DOCUMENTATION_COMMENTS = YES;
				CLANG_WARN_EMPTY_BODY = YES;
				CLANG_WARN_ENUM_CONVERSION = YES;
				CLANG_WARN_INFINITE_RECURSION = YES;
				CLANG_WARN_INT_CONVERSION = YES;
				CLANG_WARN_NON_LITERAL_NULL_CONVERSION = YES;
				CLANG_WARN_OBJC_IMPLICIT_RETAIN_SELF = YES;
				CLANG_WARN_OBJC_LITERAL_CONVERSION = YES;
				CLANG_WARN_OBJC_ROOT_CLASS = YES_ERROR;
				CLANG_WARN_QUOTED_INCLUDE_IN_FRAMEWORK_HEADER = YES;
				CLANG_WARN_RANGE_LOOP_ANALYSIS = YES;
				CLANG_WARN_STRICT_PROTOTYPES = YES;
				CLANG_WARN_SUSPICIOUS_MOVE = YES;
				CLANG_WARN_UNGUARDED_AVAILABILITY = YES_AGGRESSIVE;
				CLANG_WARN_UNREACHABLE_CODE = YES;
				CLANG_WARN__DUPLICATE_METHOD_MATCH = YES;
				COPY_PHASE_STRIP = NO;
				DEBUG_INFORMATION_FORMAT = dwarf;
				ENABLE_STRICT_OBJC_MSGSEND = YES;
				ENABLE_TESTABILITY = YES;
				GCC_C_LANGUAGE_STANDARD = gnu11;
				GCC_DYNAMIC_NO_PIC = NO;
				GCC_NO_COMMON_BLOCKS = YES;
				GCC_OPTIMIZATION_LEVEL = 0;
				GCC_PREPROCESSOR_DEFINITIONS = (
					"DEBUG=1",
					"$(inherited)",
				);
				GCC_WARN_64_TO_32_BIT_CONVERSION = YES;
				GCC_WARN_ABOUT_RETURN_TYPE = YES_ERROR;
				GCC_WARN_UNDECLARED_SELECTOR = YES;
				GCC_WARN_UNINITIALIZED_AUTOS = YES_AGGRESSIVE;
				GCC_WARN_UNUSED_FUNCTION = YES;
				GCC_WARN_UNUSED_VARIABLE = YES;
				IPHONEOS_DEPLOYMENT_TARGET = 15.4;
				MTL_ENABLE_DEBUG_INFO = INCLUDE_SOURCE;
				MTL_FAST_MATH = YES;
				ONLY_ACTIVE_ARCH = YES;
				SDKROOT = iphoneos;
				SWIFT_ACTIVE_COMPILATION_CONDITIONS = DEBUG;
				SWIFT_OPTIMIZATION_LEVEL = "-Onone";
			};
			name = Debug;
		};
		21E19C1D28F00E2C00A68AEF /* Release */ = {
			isa = XCBuildConfiguration;
			buildSettings = {
				ALWAYS_SEARCH_USER_PATHS = NO;
				CLANG_ANALYZER_NONNULL = YES;
				CLANG_ANALYZER_NUMBER_OBJECT_CONVERSION = YES_AGGRESSIVE;
				CLANG_CXX_LANGUAGE_STANDARD = "gnu++17";
				CLANG_ENABLE_MODULES = YES;
				CLANG_ENABLE_OBJC_ARC = YES;
				CLANG_ENABLE_OBJC_WEAK = YES;
				CLANG_WARN_BLOCK_CAPTURE_AUTORELEASING = YES;
				CLANG_WARN_BOOL_CONVERSION = YES;
				CLANG_WARN_COMMA = YES;
				CLANG_WARN_CONSTANT_CONVERSION = YES;
				CLANG_WARN_DEPRECATED_OBJC_IMPLEMENTATIONS = YES;
				CLANG_WARN_DIRECT_OBJC_ISA_USAGE = YES_ERROR;
				CLANG_WARN_DOCUMENTATION_COMMENTS = YES;
				CLANG_WARN_EMPTY_BODY = YES;
				CLANG_WARN_ENUM_CONVERSION = YES;
				CLANG_WARN_INFINITE_RECURSION = YES;
				CLANG_WARN_INT_CONVERSION = YES;
				CLANG_WARN_NON_LITERAL_NULL_CONVERSION = YES;
				CLANG_WARN_OBJC_IMPLICIT_RETAIN_SELF = YES;
				CLANG_WARN_OBJC_LITERAL_CONVERSION = YES;
				CLANG_WARN_OBJC_ROOT_CLASS = YES_ERROR;
				CLANG_WARN_QUOTED_INCLUDE_IN_FRAMEWORK_HEADER = YES;
				CLANG_WARN_RANGE_LOOP_ANALYSIS = YES;
				CLANG_WARN_STRICT_PROTOTYPES = YES;
				CLANG_WARN_SUSPICIOUS_MOVE = YES;
				CLANG_WARN_UNGUARDED_AVAILABILITY = YES_AGGRESSIVE;
				CLANG_WARN_UNREACHABLE_CODE = YES;
				CLANG_WARN__DUPLICATE_METHOD_MATCH = YES;
				COPY_PHASE_STRIP = NO;
				DEBUG_INFORMATION_FORMAT = "dwarf-with-dsym";
				ENABLE_NS_ASSERTIONS = NO;
				ENABLE_STRICT_OBJC_MSGSEND = YES;
				GCC_C_LANGUAGE_STANDARD = gnu11;
				GCC_NO_COMMON_BLOCKS = YES;
				GCC_WARN_64_TO_32_BIT_CONVERSION = YES;
				GCC_WARN_ABOUT_RETURN_TYPE = YES_ERROR;
				GCC_WARN_UNDECLARED_SELECTOR = YES;
				GCC_WARN_UNINITIALIZED_AUTOS = YES_AGGRESSIVE;
				GCC_WARN_UNUSED_FUNCTION = YES;
				GCC_WARN_UNUSED_VARIABLE = YES;
				IPHONEOS_DEPLOYMENT_TARGET = 15.4;
				MTL_ENABLE_DEBUG_INFO = NO;
				MTL_FAST_MATH = YES;
				SDKROOT = iphoneos;
				SWIFT_COMPILATION_MODE = wholemodule;
				SWIFT_OPTIMIZATION_LEVEL = "-O";
				VALIDATE_PRODUCT = YES;
			};
			name = Release;
		};
		21E19C1F28F00E2C00A68AEF /* Debug */ = {
			isa = XCBuildConfiguration;
			buildSettings = {
				ASSETCATALOG_COMPILER_APPICON_NAME = AppIcon;
				ASSETCATALOG_COMPILER_GLOBAL_ACCENT_COLOR_NAME = AccentColor;
				CODE_SIGN_STYLE = Automatic;
				CURRENT_PROJECT_VERSION = 1;
				DEVELOPMENT_TEAM = 943GF8964N;
				GENERATE_INFOPLIST_FILE = YES;
				INFOPLIST_FILE = TheStudentZoneApp_Fraine/Info.plist;
				INFOPLIST_KEY_UIApplicationSupportsIndirectInputEvents = YES;
				INFOPLIST_KEY_UILaunchStoryboardName = LaunchScreen;
				INFOPLIST_KEY_UIMainStoryboardFile = Main;
				INFOPLIST_KEY_UISupportedInterfaceOrientations_iPad = "UIInterfaceOrientationPortrait UIInterfaceOrientationPortraitUpsideDown UIInterfaceOrientationLandscapeLeft UIInterfaceOrientationLandscapeRight";
				INFOPLIST_KEY_UISupportedInterfaceOrientations_iPhone = "UIInterfaceOrientationPortrait UIInterfaceOrientationLandscapeLeft UIInterfaceOrientationLandscapeRight";
				LD_RUNPATH_SEARCH_PATHS = (
					"$(inherited)",
					"@executable_path/Frameworks",
				);
				MARKETING_VERSION = 1.0;
				PRODUCT_BUNDLE_IDENTIFIER = "Fraine.TheStudentZoneApp-Fraine";
				PRODUCT_NAME = "$(TARGET_NAME)";
				SWIFT_EMIT_LOC_STRINGS = YES;
				SWIFT_VERSION = 5.0;
				TARGETED_DEVICE_FAMILY = "1,2";
			};
			name = Debug;
		};
		21E19C2028F00E2C00A68AEF /* Release */ = {
			isa = XCBuildConfiguration;
			buildSettings = {
				ASSETCATALOG_COMPILER_APPICON_NAME = AppIcon;
				ASSETCATALOG_COMPILER_GLOBAL_ACCENT_COLOR_NAME = AccentColor;
				CODE_SIGN_STYLE = Automatic;
				CURRENT_PROJECT_VERSION = 1;
				DEVELOPMENT_TEAM = 943GF8964N;
				GENERATE_INFOPLIST_FILE = YES;
				INFOPLIST_FILE = TheStudentZoneApp_Fraine/Info.plist;
				INFOPLIST_KEY_UIApplicationSupportsIndirectInputEvents = YES;
				INFOPLIST_KEY_UILaunchStoryboardName = LaunchScreen;
				INFOPLIST_KEY_UIMainStoryboardFile = Main;
				INFOPLIST_KEY_UISupportedInterfaceOrientations_iPad = "UIInterfaceOrientationPortrait UIInterfaceOrientationPortraitUpsideDown UIInterfaceOrientationLandscapeLeft UIInterfaceOrientationLandscapeRight";
				INFOPLIST_KEY_UISupportedInterfaceOrientations_iPhone = "UIInterfaceOrientationPortrait UIInterfaceOrientationLandscapeLeft UIInterfaceOrientationLandscapeRight";
				LD_RUNPATH_SEARCH_PATHS = (
					"$(inherited)",
					"@executable_path/Frameworks",
				);
				MARKETING_VERSION = 1.0;
				PRODUCT_BUNDLE_IDENTIFIER = "Fraine.TheStudentZoneApp-Fraine";
				PRODUCT_NAME = "$(TARGET_NAME)";
				SWIFT_EMIT_LOC_STRINGS = YES;
				SWIFT_VERSION = 5.0;
				TARGETED_DEVICE_FAMILY = "1,2";
			};
			name = Release;
		};
		21E19C2228F00E2C00A68AEF /* Debug */ = {
			isa = XCBuildConfiguration;
			buildSettings = {
				ALWAYS_EMBED_SWIFT_STANDARD_LIBRARIES = YES;
				BUNDLE_LOADER = "$(TEST_HOST)";
				CODE_SIGN_STYLE = Automatic;
				CURRENT_PROJECT_VERSION = 1;
				DEVELOPMENT_TEAM = 943GF8964N;
				GENERATE_INFOPLIST_FILE = YES;
				IPHONEOS_DEPLOYMENT_TARGET = 15.4;
				MARKETING_VERSION = 1.0;
				PRODUCT_BUNDLE_IDENTIFIER = "Fraine.TheStudentZoneApp-FraineTests";
				PRODUCT_NAME = "$(TARGET_NAME)";
				SWIFT_EMIT_LOC_STRINGS = NO;
				SWIFT_VERSION = 5.0;
				TARGETED_DEVICE_FAMILY = "1,2";
				TEST_HOST = "$(BUILT_PRODUCTS_DIR)/TheStudentZoneApp_Fraine.app/TheStudentZoneApp_Fraine";
			};
			name = Debug;
		};
		21E19C2328F00E2C00A68AEF /* Release */ = {
			isa = XCBuildConfiguration;
			buildSettings = {
				ALWAYS_EMBED_SWIFT_STANDARD_LIBRARIES = YES;
				BUNDLE_LOADER = "$(TEST_HOST)";
				CODE_SIGN_STYLE = Automatic;
				CURRENT_PROJECT_VERSION = 1;
				DEVELOPMENT_TEAM = 943GF8964N;
				GENERATE_INFOPLIST_FILE = YES;
				IPHONEOS_DEPLOYMENT_TARGET = 15.4;
				MARKETING_VERSION = 1.0;
				PRODUCT_BUNDLE_IDENTIFIER = "Fraine.TheStudentZoneApp-FraineTests";
				PRODUCT_NAME = "$(TARGET_NAME)";
				SWIFT_EMIT_LOC_STRINGS = NO;
				SWIFT_VERSION = 5.0;
				TARGETED_DEVICE_FAMILY = "1,2";
				TEST_HOST = "$(BUILT_PRODUCTS_DIR)/TheStudentZoneApp_Fraine.app/TheStudentZoneApp_Fraine";
			};
			name = Release;
		};
		21E19C2528F00E2C00A68AEF /* Debug */ = {
			isa = XCBuildConfiguration;
			buildSettings = {
				ALWAYS_EMBED_SWIFT_STANDARD_LIBRARIES = YES;
				CODE_SIGN_STYLE = Automatic;
				CURRENT_PROJECT_VERSION = 1;
				DEVELOPMENT_TEAM = 943GF8964N;
				GENERATE_INFOPLIST_FILE = YES;
				MARKETING_VERSION = 1.0;
				PRODUCT_BUNDLE_IDENTIFIER = "Fraine.TheStudentZoneApp-FraineUITests";
				PRODUCT_NAME = "$(TARGET_NAME)";
				SWIFT_EMIT_LOC_STRINGS = NO;
				SWIFT_VERSION = 5.0;
				TARGETED_DEVICE_FAMILY = "1,2";
				TEST_TARGET_NAME = TheStudentZoneApp_Fraine;
			};
			name = Debug;
		};
		21E19C2628F00E2C00A68AEF /* Release */ = {
			isa = XCBuildConfiguration;
			buildSettings = {
				ALWAYS_EMBED_SWIFT_STANDARD_LIBRARIES = YES;
				CODE_SIGN_STYLE = Automatic;
				CURRENT_PROJECT_VERSION = 1;
				DEVELOPMENT_TEAM = 943GF8964N;
				GENERATE_INFOPLIST_FILE = YES;
				MARKETING_VERSION = 1.0;
				PRODUCT_BUNDLE_IDENTIFIER = "Fraine.TheStudentZoneApp-FraineUITests";
				PRODUCT_NAME = "$(TARGET_NAME)";
				SWIFT_EMIT_LOC_STRINGS = NO;
				SWIFT_VERSION = 5.0;
				TARGETED_DEVICE_FAMILY = "1,2";
				TEST_TARGET_NAME = TheStudentZoneApp_Fraine;
			};
			name = Release;
		};
/* End XCBuildConfiguration section */

/* Begin XCConfigurationList section */
		21E19BEC28F00E2900A68AEF /* Build configuration list for PBXProject "TheStudentZoneApp_Fraine" */ = {
			isa = XCConfigurationList;
			buildConfigurations = (
				21E19C1C28F00E2C00A68AEF /* Debug */,
				21E19C1D28F00E2C00A68AEF /* Release */,
			);
			defaultConfigurationIsVisible = 0;
			defaultConfigurationName = Release;
		};
		21E19C1E28F00E2C00A68AEF /* Build configuration list for PBXNativeTarget "TheStudentZoneApp_Fraine" */ = {
			isa = XCConfigurationList;
			buildConfigurations = (
				21E19C1F28F00E2C00A68AEF /* Debug */,
				21E19C2028F00E2C00A68AEF /* Release */,
			);
			defaultConfigurationIsVisible = 0;
			defaultConfigurationName = Release;
		};
		21E19C2128F00E2C00A68AEF /* Build configuration list for PBXNativeTarget "TheStudentZoneApp_FraineTests" */ = {
			isa = XCConfigurationList;
			buildConfigurations = (
				21E19C2228F00E2C00A68AEF /* Debug */,
				21E19C2328F00E2C00A68AEF /* Release */,
			);
			defaultConfigurationIsVisible = 0;
			defaultConfigurationName = Release;
		};
		21E19C2428F00E2C00A68AEF /* Build configuration list for PBXNativeTarget "TheStudentZoneApp_FraineUITests" */ = {
			isa = XCConfigurationList;
			buildConfigurations = (
				21E19C2528F00E2C00A68AEF /* Debug */,
				21E19C2628F00E2C00A68AEF /* Release */,
			);
			defaultConfigurationIsVisible = 0;
			defaultConfigurationName = Release;
		};
/* End XCConfigurationList section */

/* Begin XCVersionGroup section */
		21E19BFD28F00E2900A68AEF /* TheStudentZoneApp_Fraine.xcdatamodeld */ = {
			isa = XCVersionGroup;
			children = (
				21E19BFE28F00E2900A68AEF /* TheStudentZoneApp_Fraine.xcdatamodel */,
			);
			currentVersion = 21E19BFE28F00E2900A68AEF /* TheStudentZoneApp_Fraine.xcdatamodel */;
			path = TheStudentZoneApp_Fraine.xcdatamodeld;
			sourceTree = "<group>";
			versionGroupType = wrapper.xcdatamodel;
		};
/* End XCVersionGroup section */
	};
	rootObject = 21E19BE928F00E2900A68AEF /* Project object */;
}
